// !$*UTF8*$!
{
	archiveVersion = 1;
	classes = {
	};
	objectVersion = 56;
	objects = {

/* Begin PBXBuildFile section */
		200081EE29546B04000AAEEB /* FeedImageCell.swift in Sources */ = {isa = PBXBuildFile; fileRef = 200081ED29546B04000AAEEB /* FeedImageCell.swift */; };
		200081F029549607000AAEEB /* UIView+Shimmering.swift in Sources */ = {isa = PBXBuildFile; fileRef = 200081EF29549607000AAEEB /* UIView+Shimmering.swift */; };
		200081F22954B194000AAEEB /* FeedImageDataLoader.swift in Sources */ = {isa = PBXBuildFile; fileRef = 200081F12954B194000AAEEB /* FeedImageDataLoader.swift */; };
		200081F42954B1AE000AAEEB /* FeedImageDataLoaderTask.swift in Sources */ = {isa = PBXBuildFile; fileRef = 200081F32954B1AE000AAEEB /* FeedImageDataLoaderTask.swift */; };
		200081FB2954B7EE000AAEEB /* FeedImageCellController.swift in Sources */ = {isa = PBXBuildFile; fileRef = 200081FA2954B7EE000AAEEB /* FeedImageCellController.swift */; };
		200081FE2954BAD9000AAEEB /* FeedUIComposer.swift in Sources */ = {isa = PBXBuildFile; fileRef = 200081FD2954BAD9000AAEEB /* FeedUIComposer.swift */; };
		2000820329561E32000AAEEB /* FeedImageViewModel.swift in Sources */ = {isa = PBXBuildFile; fileRef = 2000820229561E32000AAEEB /* FeedImageViewModel.swift */; };
		201F44992949412800F82EA4 /* ValidateFeedCacheUseCaseTests.swift in Sources */ = {isa = PBXBuildFile; fileRef = 201F44982949412800F82EA4 /* ValidateFeedCacheUseCaseTests.swift */; };
		201F449B294945B000F82EA4 /* FeedCacheTestHelpers.swift in Sources */ = {isa = PBXBuildFile; fileRef = 201F449A294945B000F82EA4 /* FeedCacheTestHelpers.swift */; };
		201F449D2949467200F82EA4 /* SharedTestHelpers.swift in Sources */ = {isa = PBXBuildFile; fileRef = 201F449C2949467200F82EA4 /* SharedTestHelpers.swift */; };
		201F449F2949E6B700F82EA4 /* FeedCachePolicy.swift in Sources */ = {isa = PBXBuildFile; fileRef = 201F449E2949E6B700F82EA4 /* FeedCachePolicy.swift */; };
		205A9703294F4D2E00BAB3D2 /* FeedStoreSpecs.swift in Sources */ = {isa = PBXBuildFile; fileRef = 205A9702294F4D2E00BAB3D2 /* FeedStoreSpecs.swift */; };
		205A9706294F4DA100BAB3D2 /* XCTesCase+FeedStoreSpecs.swift in Sources */ = {isa = PBXBuildFile; fileRef = 205A9705294F4DA100BAB3D2 /* XCTesCase+FeedStoreSpecs.swift */; };
		205A9708294F512D00BAB3D2 /* XCTestCase+FailableDeleteFeedStoreSpecs.swift in Sources */ = {isa = PBXBuildFile; fileRef = 205A9707294F512D00BAB3D2 /* XCTestCase+FailableDeleteFeedStoreSpecs.swift */; };
		205A970A294F517000BAB3D2 /* XCTestCase+FailableInsertFeedStoreSpecs.swift in Sources */ = {isa = PBXBuildFile; fileRef = 205A9709294F517000BAB3D2 /* XCTestCase+FailableInsertFeedStoreSpecs.swift */; };
		205A970C294F519A00BAB3D2 /* XCTestCase+FailableRetrieveFeedStoreSpecs.swift in Sources */ = {isa = PBXBuildFile; fileRef = 205A970B294F519A00BAB3D2 /* XCTestCase+FailableRetrieveFeedStoreSpecs.swift */; };
		205A970F294F5F7D00BAB3D2 /* CoreDataFeedStoreTests.swift in Sources */ = {isa = PBXBuildFile; fileRef = 205A970E294F5F7D00BAB3D2 /* CoreDataFeedStoreTests.swift */; };
		205A9711294F604B00BAB3D2 /* CoreDataFeedStore.swift in Sources */ = {isa = PBXBuildFile; fileRef = 205A9710294F604B00BAB3D2 /* CoreDataFeedStore.swift */; };
		205A9714294F617400BAB3D2 /* FeedStore.xcdatamodeld in Sources */ = {isa = PBXBuildFile; fileRef = 205A9712294F617400BAB3D2 /* FeedStore.xcdatamodeld */; };
		205A9718294F70A600BAB3D2 /* CoreDataHelpers.swift in Sources */ = {isa = PBXBuildFile; fileRef = 205A9717294F70A600BAB3D2 /* CoreDataHelpers.swift */; };
		205A971A294F710B00BAB3D2 /* ManagedCache.swift in Sources */ = {isa = PBXBuildFile; fileRef = 205A9719294F710B00BAB3D2 /* ManagedCache.swift */; };
		205A971C294F712500BAB3D2 /* ManagedFeedImage.swift in Sources */ = {isa = PBXBuildFile; fileRef = 205A971B294F712500BAB3D2 /* ManagedFeedImage.swift */; };
		205A9724294F7CA300BAB3D2 /* EssentialFeedCacheIntegrationTests.swift in Sources */ = {isa = PBXBuildFile; fileRef = 205A9723294F7CA300BAB3D2 /* EssentialFeedCacheIntegrationTests.swift */; };
		205A9725294F7CA300BAB3D2 /* EssentialFeed.framework in Frameworks */ = {isa = PBXBuildFile; fileRef = 2077FE5D29395E26007FABBF /* EssentialFeed.framework */; };
		205A972B294F7FCE00BAB3D2 /* XCTestCase+MemoryLeakTrackingHelper.swift in Sources */ = {isa = PBXBuildFile; fileRef = 20E93A99293CACA000D64087 /* XCTestCase+MemoryLeakTrackingHelper.swift */; };
		205A972C294F818900BAB3D2 /* FeedCacheTestHelpers.swift in Sources */ = {isa = PBXBuildFile; fileRef = 201F449A294945B000F82EA4 /* FeedCacheTestHelpers.swift */; };
		205A972D294F819900BAB3D2 /* SharedTestHelpers.swift in Sources */ = {isa = PBXBuildFile; fileRef = 201F449C2949467200F82EA4 /* SharedTestHelpers.swift */; };
		205AF457293B8B0A00F14AE9 /* HTTPClient.swift in Sources */ = {isa = PBXBuildFile; fileRef = 205AF456293B8B0A00F14AE9 /* HTTPClient.swift */; };
		205AF459293B8B4800F14AE9 /* FeedItemsMapper.swift in Sources */ = {isa = PBXBuildFile; fileRef = 205AF458293B8B4800F14AE9 /* FeedItemsMapper.swift */; };
		205C61172948F7D80087303D /* LoadFeedFromCacheUseCaseTests.swift in Sources */ = {isa = PBXBuildFile; fileRef = 205C61162948F7D80087303D /* LoadFeedFromCacheUseCaseTests.swift */; };
		205C611A2948F97B0087303D /* FeedStoreSpy.swift in Sources */ = {isa = PBXBuildFile; fileRef = 205C61192948F97B0087303D /* FeedStoreSpy.swift */; };
		206CA9B42953B399009946D9 /* EssentialFeediOS.framework in Frameworks */ = {isa = PBXBuildFile; fileRef = 206CA9AC2953B397009946D9 /* EssentialFeediOS.framework */; };
		206CA9C22953BB31009946D9 /* FeedUIIntegrationTests.swift in Sources */ = {isa = PBXBuildFile; fileRef = 206CA9C12953BB31009946D9 /* FeedUIIntegrationTests.swift */; };
		206CA9C42953BDB8009946D9 /* EssentialFeed.framework in Frameworks */ = {isa = PBXBuildFile; fileRef = 2077FE5D29395E26007FABBF /* EssentialFeed.framework */; platformFilter = ios; };
		206CA9C52953BDB8009946D9 /* EssentialFeed.framework in Embed Frameworks */ = {isa = PBXBuildFile; fileRef = 2077FE5D29395E26007FABBF /* EssentialFeed.framework */; platformFilter = ios; settings = {ATTRIBUTES = (CodeSignOnCopy, RemoveHeadersOnCopy, ); }; };
		206CA9C92953BE7F009946D9 /* XCTestCase+MemoryLeakTrackingHelper.swift in Sources */ = {isa = PBXBuildFile; fileRef = 20E93A99293CACA000D64087 /* XCTestCase+MemoryLeakTrackingHelper.swift */; };
		206CA9CB2953C5D6009946D9 /* FeedViewController.swift in Sources */ = {isa = PBXBuildFile; fileRef = 206CA9CA2953C5D6009946D9 /* FeedViewController.swift */; };
		2077FE6229395E26007FABBF /* EssentialFeed.docc in Sources */ = {isa = PBXBuildFile; fileRef = 2077FE6129395E26007FABBF /* EssentialFeed.docc */; };
		2077FE6329395E26007FABBF /* EssentialFeed.h in Headers */ = {isa = PBXBuildFile; fileRef = 2077FE6029395E26007FABBF /* EssentialFeed.h */; settings = {ATTRIBUTES = (Public, ); }; };
		2077FE6A29395E4C007FABBF /* FeedImage.swift in Sources */ = {isa = PBXBuildFile; fileRef = 2077FE6929395E4C007FABBF /* FeedImage.swift */; };
		2077FE6C29395ED9007FABBF /* FeedLoader.swift in Sources */ = {isa = PBXBuildFile; fileRef = 2077FE6B29395ED9007FABBF /* FeedLoader.swift */; };
		2077FE7629396154007FABBF /* EssentialFeed.framework in Frameworks */ = {isa = PBXBuildFile; fileRef = 2077FE5D29395E26007FABBF /* EssentialFeed.framework */; };
		2077FE7D293A5048007FABBF /* LoadFeedFromRemoteUseCaseTests.swift in Sources */ = {isa = PBXBuildFile; fileRef = 2077FE7C293A5048007FABBF /* LoadFeedFromRemoteUseCaseTests.swift */; };
		2077FE80293A6634007FABBF /* RemoteFeedLoader.swift in Sources */ = {isa = PBXBuildFile; fileRef = 2077FE7F293A6634007FABBF /* RemoteFeedLoader.swift */; };
		20A4BA4E2958CCDF00778F3A /* Feed.storyboard in Resources */ = {isa = PBXBuildFile; fileRef = 20A4BA4D2958CCDF00778F3A /* Feed.storyboard */; };
		20A4BA502958D96500778F3A /* UITableView+Dequeing.swift in Sources */ = {isa = PBXBuildFile; fileRef = 20A4BA4F2958D96500778F3A /* UITableView+Dequeing.swift */; };
		20A4BA522958DA5A00778F3A /* UIImageView+Animation.swift in Sources */ = {isa = PBXBuildFile; fileRef = 20A4BA512958DA5A00778F3A /* UIImageView+Animation.swift */; };
		20A4BA562958EA7D00778F3A /* FeedUIIntegrationTests+Localization.swift in Sources */ = {isa = PBXBuildFile; fileRef = 20A4BA552958EA7D00778F3A /* FeedUIIntegrationTests+Localization.swift */; };
		20A4BA5F2958F75D00778F3A /* MainQueueDispatchDecorator.swift in Sources */ = {isa = PBXBuildFile; fileRef = 20A4BA5E2958F75D00778F3A /* MainQueueDispatchDecorator.swift */; };
		20A4BA6D2959C07400778F3A /* FeedPresenterTests.swift in Sources */ = {isa = PBXBuildFile; fileRef = 20A4BA6C2959C07400778F3A /* FeedPresenterTests.swift */; };
		20A4BA762959CD7500778F3A /* FeedPresenter.swift in Sources */ = {isa = PBXBuildFile; fileRef = 20A4BA752959CD7500778F3A /* FeedPresenter.swift */; };
		20A4BA772959CDD700778F3A /* Feed.strings in Resources */ = {isa = PBXBuildFile; fileRef = 20A4BA722959C9F600778F3A /* Feed.strings */; };
		20A4BA792959CDFB00778F3A /* FeedErrorViewModel.swift in Sources */ = {isa = PBXBuildFile; fileRef = 20A4BA782959CDFB00778F3A /* FeedErrorViewModel.swift */; };
		20A4BA7B2959CE1B00778F3A /* FeedLoadingViewModel.swift in Sources */ = {isa = PBXBuildFile; fileRef = 20A4BA7A2959CE1B00778F3A /* FeedLoadingViewModel.swift */; };
		20A4BA7D2959CE3C00778F3A /* FeedViewModel.swift in Sources */ = {isa = PBXBuildFile; fileRef = 20A4BA7C2959CE3C00778F3A /* FeedViewModel.swift */; };
		20A4BA7F2959CF9600778F3A /* ErrorView.swift in Sources */ = {isa = PBXBuildFile; fileRef = 20A4BA7E2959CF9600778F3A /* ErrorView.swift */; };
		20A4BA802959D1A900778F3A /* FeedLocalizationTests.swift in Sources */ = {isa = PBXBuildFile; fileRef = 20A4BA5C2958EC2300778F3A /* FeedLocalizationTests.swift */; };
		20A4BA84295A468200778F3A /* LoadFeedImageDataFromRemoteUseCaseTests.swift in Sources */ = {isa = PBXBuildFile; fileRef = 20A4BA83295A468200778F3A /* LoadFeedImageDataFromRemoteUseCaseTests.swift */; };
		20A4BA87295A471200778F3A /* HTTPClientSpy.swift in Sources */ = {isa = PBXBuildFile; fileRef = 20A4BA86295A471200778F3A /* HTTPClientSpy.swift */; };
		20A4BA8B295A6B8F00778F3A /* RemoteFeedImageDataLoader.swift in Sources */ = {isa = PBXBuildFile; fileRef = 20A4BA8A295A6B8F00778F3A /* RemoteFeedImageDataLoader.swift */; };
		20A4BA8E295A6F7D00778F3A /* HTTPURLResponse+Status.swift in Sources */ = {isa = PBXBuildFile; fileRef = 20A4BA8D295A6F7D00778F3A /* HTTPURLResponse+Status.swift */; };
		20A4BA90295A6FF000778F3A /* URLProtocolStub.swift in Sources */ = {isa = PBXBuildFile; fileRef = 20A4BA8F295A6FF000778F3A /* URLProtocolStub.swift */; };
		20A4BA92295AEF9D00778F3A /* LoadFeedImageDataFromCacheUseCaseTests.swift in Sources */ = {isa = PBXBuildFile; fileRef = 20A4BA91295AEF9D00778F3A /* LoadFeedImageDataFromCacheUseCaseTests.swift */; };
		20A4BA95295AF67A00778F3A /* FeedImageDataStore.swift in Sources */ = {isa = PBXBuildFile; fileRef = 20A4BA94295AF67A00778F3A /* FeedImageDataStore.swift */; };
		20A4BA97295AF69000778F3A /* LocalFeedImageDataLoader.swift in Sources */ = {isa = PBXBuildFile; fileRef = 20A4BA96295AF69000778F3A /* LocalFeedImageDataLoader.swift */; };
		20C028FC294221680002341E /* RemoteFeedItem.swift in Sources */ = {isa = PBXBuildFile; fileRef = 20C028FB294221680002341E /* RemoteFeedItem.swift */; };
		20C028FE294221950002341E /* LocalFeedImage.swift in Sources */ = {isa = PBXBuildFile; fileRef = 20C028FD294221950002341E /* LocalFeedImage.swift */; };
		20D01C2C2940032700378E44 /* CacheFeedUseCaseTests.swift in Sources */ = {isa = PBXBuildFile; fileRef = 20D01C2B2940032700378E44 /* CacheFeedUseCaseTests.swift */; };
		20D01C2F29401CF600378E44 /* LocalFeedLoader.swift in Sources */ = {isa = PBXBuildFile; fileRef = 20D01C2E29401CF600378E44 /* LocalFeedLoader.swift */; };
		20D01C3129401D6B00378E44 /* FeedStore.swift in Sources */ = {isa = PBXBuildFile; fileRef = 20D01C3029401D6B00378E44 /* FeedStore.swift */; };
		20E93A97293C8D3700D64087 /* URLSessionHTTPClientTests.swift in Sources */ = {isa = PBXBuildFile; fileRef = 20E93A96293C8D3700D64087 /* URLSessionHTTPClientTests.swift */; };
		20E93A9A293CACA000D64087 /* XCTestCase+MemoryLeakTrackingHelper.swift in Sources */ = {isa = PBXBuildFile; fileRef = 20E93A99293CACA000D64087 /* XCTestCase+MemoryLeakTrackingHelper.swift */; };
		20E93A9C293CC0AB00D64087 /* URLSessionHTTPClient.swift in Sources */ = {isa = PBXBuildFile; fileRef = 20E93A9B293CC0AB00D64087 /* URLSessionHTTPClient.swift */; };
		20E93AA4293CCA0D00D64087 /* EssentialFeedAPIEndToEndTests.swift in Sources */ = {isa = PBXBuildFile; fileRef = 20E93AA3293CCA0D00D64087 /* EssentialFeedAPIEndToEndTests.swift */; };
		20E93AA5293CCA0D00D64087 /* EssentialFeed.framework in Frameworks */ = {isa = PBXBuildFile; fileRef = 2077FE5D29395E26007FABBF /* EssentialFeed.framework */; };
		20E93AAB293CCE3800D64087 /* XCTestCase+MemoryLeakTrackingHelper.swift in Sources */ = {isa = PBXBuildFile; fileRef = 20E93A99293CACA000D64087 /* XCTestCase+MemoryLeakTrackingHelper.swift */; };
/* End PBXBuildFile section */

/* Begin PBXContainerItemProxy section */
		205A9726294F7CA300BAB3D2 /* PBXContainerItemProxy */ = {
			isa = PBXContainerItemProxy;
			containerPortal = 2077FE5429395E26007FABBF /* Project object */;
			proxyType = 1;
			remoteGlobalIDString = 2077FE5C29395E26007FABBF;
			remoteInfo = EssentialFeed;
		};
		206CA9B52953B399009946D9 /* PBXContainerItemProxy */ = {
			isa = PBXContainerItemProxy;
			containerPortal = 2077FE5429395E26007FABBF /* Project object */;
			proxyType = 1;
			remoteGlobalIDString = 206CA9AB2953B397009946D9;
			remoteInfo = EssentialFeediOS;
		};
		206CA9C62953BDB8009946D9 /* PBXContainerItemProxy */ = {
			isa = PBXContainerItemProxy;
			containerPortal = 2077FE5429395E26007FABBF /* Project object */;
			proxyType = 1;
			remoteGlobalIDString = 2077FE5C29395E26007FABBF;
			remoteInfo = EssentialFeed;
		};
		2077FE7729396154007FABBF /* PBXContainerItemProxy */ = {
			isa = PBXContainerItemProxy;
			containerPortal = 2077FE5429395E26007FABBF /* Project object */;
			proxyType = 1;
			remoteGlobalIDString = 2077FE5C29395E26007FABBF;
			remoteInfo = EssentialFeed;
		};
		20E93AA6293CCA0D00D64087 /* PBXContainerItemProxy */ = {
			isa = PBXContainerItemProxy;
			containerPortal = 2077FE5429395E26007FABBF /* Project object */;
			proxyType = 1;
			remoteGlobalIDString = 2077FE5C29395E26007FABBF;
			remoteInfo = EssentialFeed;
		};
/* End PBXContainerItemProxy section */

/* Begin PBXCopyFilesBuildPhase section */
		206CA9C82953BDB8009946D9 /* Embed Frameworks */ = {
			isa = PBXCopyFilesBuildPhase;
			buildActionMask = 2147483647;
			dstPath = "";
			dstSubfolderSpec = 10;
			files = (
				206CA9C52953BDB8009946D9 /* EssentialFeed.framework in Embed Frameworks */,
			);
			name = "Embed Frameworks";
			runOnlyForDeploymentPostprocessing = 0;
		};
/* End PBXCopyFilesBuildPhase section */

/* Begin PBXFileReference section */
		200081ED29546B04000AAEEB /* FeedImageCell.swift */ = {isa = PBXFileReference; lastKnownFileType = sourcecode.swift; path = FeedImageCell.swift; sourceTree = "<group>"; };
		200081EF29549607000AAEEB /* UIView+Shimmering.swift */ = {isa = PBXFileReference; lastKnownFileType = sourcecode.swift; path = "UIView+Shimmering.swift"; sourceTree = "<group>"; };
		200081F12954B194000AAEEB /* FeedImageDataLoader.swift */ = {isa = PBXFileReference; lastKnownFileType = sourcecode.swift; path = FeedImageDataLoader.swift; sourceTree = "<group>"; };
		200081F32954B1AE000AAEEB /* FeedImageDataLoaderTask.swift */ = {isa = PBXFileReference; lastKnownFileType = sourcecode.swift; path = FeedImageDataLoaderTask.swift; sourceTree = "<group>"; };
		200081FA2954B7EE000AAEEB /* FeedImageCellController.swift */ = {isa = PBXFileReference; lastKnownFileType = sourcecode.swift; path = FeedImageCellController.swift; sourceTree = "<group>"; };
		200081FD2954BAD9000AAEEB /* FeedUIComposer.swift */ = {isa = PBXFileReference; lastKnownFileType = sourcecode.swift; path = FeedUIComposer.swift; sourceTree = "<group>"; };
		2000820229561E32000AAEEB /* FeedImageViewModel.swift */ = {isa = PBXFileReference; lastKnownFileType = sourcecode.swift; path = FeedImageViewModel.swift; sourceTree = "<group>"; };
		201F44982949412800F82EA4 /* ValidateFeedCacheUseCaseTests.swift */ = {isa = PBXFileReference; lastKnownFileType = sourcecode.swift; path = ValidateFeedCacheUseCaseTests.swift; sourceTree = "<group>"; };
		201F449A294945B000F82EA4 /* FeedCacheTestHelpers.swift */ = {isa = PBXFileReference; lastKnownFileType = sourcecode.swift; path = FeedCacheTestHelpers.swift; sourceTree = "<group>"; };
		201F449C2949467200F82EA4 /* SharedTestHelpers.swift */ = {isa = PBXFileReference; lastKnownFileType = sourcecode.swift; path = SharedTestHelpers.swift; sourceTree = "<group>"; };
		201F449E2949E6B700F82EA4 /* FeedCachePolicy.swift */ = {isa = PBXFileReference; lastKnownFileType = sourcecode.swift; path = FeedCachePolicy.swift; sourceTree = "<group>"; };
		205A9702294F4D2E00BAB3D2 /* FeedStoreSpecs.swift */ = {isa = PBXFileReference; lastKnownFileType = sourcecode.swift; path = FeedStoreSpecs.swift; sourceTree = "<group>"; };
		205A9705294F4DA100BAB3D2 /* XCTesCase+FeedStoreSpecs.swift */ = {isa = PBXFileReference; lastKnownFileType = sourcecode.swift; path = "XCTesCase+FeedStoreSpecs.swift"; sourceTree = "<group>"; };
		205A9707294F512D00BAB3D2 /* XCTestCase+FailableDeleteFeedStoreSpecs.swift */ = {isa = PBXFileReference; lastKnownFileType = sourcecode.swift; path = "XCTestCase+FailableDeleteFeedStoreSpecs.swift"; sourceTree = "<group>"; };
		205A9709294F517000BAB3D2 /* XCTestCase+FailableInsertFeedStoreSpecs.swift */ = {isa = PBXFileReference; lastKnownFileType = sourcecode.swift; path = "XCTestCase+FailableInsertFeedStoreSpecs.swift"; sourceTree = "<group>"; };
		205A970B294F519A00BAB3D2 /* XCTestCase+FailableRetrieveFeedStoreSpecs.swift */ = {isa = PBXFileReference; lastKnownFileType = sourcecode.swift; path = "XCTestCase+FailableRetrieveFeedStoreSpecs.swift"; sourceTree = "<group>"; };
		205A970E294F5F7D00BAB3D2 /* CoreDataFeedStoreTests.swift */ = {isa = PBXFileReference; lastKnownFileType = sourcecode.swift; path = CoreDataFeedStoreTests.swift; sourceTree = "<group>"; };
		205A9710294F604B00BAB3D2 /* CoreDataFeedStore.swift */ = {isa = PBXFileReference; lastKnownFileType = sourcecode.swift; path = CoreDataFeedStore.swift; sourceTree = "<group>"; };
		205A9713294F617400BAB3D2 /* FeedStore.xcdatamodel */ = {isa = PBXFileReference; lastKnownFileType = wrapper.xcdatamodel; path = FeedStore.xcdatamodel; sourceTree = "<group>"; };
		205A9717294F70A600BAB3D2 /* CoreDataHelpers.swift */ = {isa = PBXFileReference; lastKnownFileType = sourcecode.swift; path = CoreDataHelpers.swift; sourceTree = "<group>"; };
		205A9719294F710B00BAB3D2 /* ManagedCache.swift */ = {isa = PBXFileReference; lastKnownFileType = sourcecode.swift; path = ManagedCache.swift; sourceTree = "<group>"; };
		205A971B294F712500BAB3D2 /* ManagedFeedImage.swift */ = {isa = PBXFileReference; lastKnownFileType = sourcecode.swift; path = ManagedFeedImage.swift; sourceTree = "<group>"; };
		205A9721294F7CA300BAB3D2 /* EssentialFeedCacheIntegrationTests.xctest */ = {isa = PBXFileReference; explicitFileType = wrapper.cfbundle; includeInIndex = 0; path = EssentialFeedCacheIntegrationTests.xctest; sourceTree = BUILT_PRODUCTS_DIR; };
		205A9723294F7CA300BAB3D2 /* EssentialFeedCacheIntegrationTests.swift */ = {isa = PBXFileReference; lastKnownFileType = sourcecode.swift; path = EssentialFeedCacheIntegrationTests.swift; sourceTree = "<group>"; };
		205AF456293B8B0A00F14AE9 /* HTTPClient.swift */ = {isa = PBXFileReference; lastKnownFileType = sourcecode.swift; path = HTTPClient.swift; sourceTree = "<group>"; };
		205AF458293B8B4800F14AE9 /* FeedItemsMapper.swift */ = {isa = PBXFileReference; lastKnownFileType = sourcecode.swift; path = FeedItemsMapper.swift; sourceTree = "<group>"; };
		205C61162948F7D80087303D /* LoadFeedFromCacheUseCaseTests.swift */ = {isa = PBXFileReference; lastKnownFileType = sourcecode.swift; path = LoadFeedFromCacheUseCaseTests.swift; sourceTree = "<group>"; };
		205C61192948F97B0087303D /* FeedStoreSpy.swift */ = {isa = PBXFileReference; lastKnownFileType = sourcecode.swift; path = FeedStoreSpy.swift; sourceTree = "<group>"; };
		206CA9AC2953B397009946D9 /* EssentialFeediOS.framework */ = {isa = PBXFileReference; explicitFileType = wrapper.framework; includeInIndex = 0; path = EssentialFeediOS.framework; sourceTree = BUILT_PRODUCTS_DIR; };
		206CA9B32953B398009946D9 /* EssentialFeediOSTests.xctest */ = {isa = PBXFileReference; explicitFileType = wrapper.cfbundle; includeInIndex = 0; path = EssentialFeediOSTests.xctest; sourceTree = BUILT_PRODUCTS_DIR; };
		206CA9C12953BB31009946D9 /* FeedUIIntegrationTests.swift */ = {isa = PBXFileReference; lastKnownFileType = sourcecode.swift; path = FeedUIIntegrationTests.swift; sourceTree = "<group>"; };
		206CA9CA2953C5D6009946D9 /* FeedViewController.swift */ = {isa = PBXFileReference; lastKnownFileType = sourcecode.swift; path = FeedViewController.swift; sourceTree = "<group>"; };
		2077FE5D29395E26007FABBF /* EssentialFeed.framework */ = {isa = PBXFileReference; explicitFileType = wrapper.framework; includeInIndex = 0; path = EssentialFeed.framework; sourceTree = BUILT_PRODUCTS_DIR; };
		2077FE6029395E26007FABBF /* EssentialFeed.h */ = {isa = PBXFileReference; lastKnownFileType = sourcecode.c.h; path = EssentialFeed.h; sourceTree = "<group>"; };
		2077FE6129395E26007FABBF /* EssentialFeed.docc */ = {isa = PBXFileReference; lastKnownFileType = folder.documentationcatalog; path = EssentialFeed.docc; sourceTree = "<group>"; };
		2077FE6929395E4C007FABBF /* FeedImage.swift */ = {isa = PBXFileReference; lastKnownFileType = sourcecode.swift; path = FeedImage.swift; sourceTree = "<group>"; };
		2077FE6B29395ED9007FABBF /* FeedLoader.swift */ = {isa = PBXFileReference; lastKnownFileType = sourcecode.swift; path = FeedLoader.swift; sourceTree = "<group>"; };
		2077FE7229396154007FABBF /* EssentialFeedTests.xctest */ = {isa = PBXFileReference; explicitFileType = wrapper.cfbundle; includeInIndex = 0; path = EssentialFeedTests.xctest; sourceTree = BUILT_PRODUCTS_DIR; };
		2077FE7C293A5048007FABBF /* LoadFeedFromRemoteUseCaseTests.swift */ = {isa = PBXFileReference; lastKnownFileType = sourcecode.swift; path = LoadFeedFromRemoteUseCaseTests.swift; sourceTree = "<group>"; };
		2077FE7F293A6634007FABBF /* RemoteFeedLoader.swift */ = {isa = PBXFileReference; lastKnownFileType = sourcecode.swift; path = RemoteFeedLoader.swift; sourceTree = "<group>"; };
		20A4BA4D2958CCDF00778F3A /* Feed.storyboard */ = {isa = PBXFileReference; lastKnownFileType = file.storyboard; path = Feed.storyboard; sourceTree = "<group>"; };
		20A4BA4F2958D96500778F3A /* UITableView+Dequeing.swift */ = {isa = PBXFileReference; lastKnownFileType = sourcecode.swift; path = "UITableView+Dequeing.swift"; sourceTree = "<group>"; };
		20A4BA512958DA5A00778F3A /* UIImageView+Animation.swift */ = {isa = PBXFileReference; lastKnownFileType = sourcecode.swift; path = "UIImageView+Animation.swift"; sourceTree = "<group>"; };
		20A4BA552958EA7D00778F3A /* FeedUIIntegrationTests+Localization.swift */ = {isa = PBXFileReference; lastKnownFileType = sourcecode.swift; path = "FeedUIIntegrationTests+Localization.swift"; sourceTree = "<group>"; };
		20A4BA5C2958EC2300778F3A /* FeedLocalizationTests.swift */ = {isa = PBXFileReference; lastKnownFileType = sourcecode.swift; path = FeedLocalizationTests.swift; sourceTree = "<group>"; };
		20A4BA5E2958F75D00778F3A /* MainQueueDispatchDecorator.swift */ = {isa = PBXFileReference; lastKnownFileType = sourcecode.swift; path = MainQueueDispatchDecorator.swift; sourceTree = "<group>"; };
		20A4BA6C2959C07400778F3A /* FeedPresenterTests.swift */ = {isa = PBXFileReference; lastKnownFileType = sourcecode.swift; path = FeedPresenterTests.swift; sourceTree = "<group>"; };
		20A4BA712959C9F600778F3A /* en */ = {isa = PBXFileReference; lastKnownFileType = text.plist.strings; name = en; path = en.lproj/Feed.strings; sourceTree = "<group>"; };
		20A4BA732959C9FA00778F3A /* pl */ = {isa = PBXFileReference; lastKnownFileType = text.plist.strings; name = pl; path = pl.lproj/Feed.strings; sourceTree = "<group>"; };
		20A4BA752959CD7500778F3A /* FeedPresenter.swift */ = {isa = PBXFileReference; lastKnownFileType = sourcecode.swift; path = FeedPresenter.swift; sourceTree = "<group>"; };
		20A4BA782959CDFB00778F3A /* FeedErrorViewModel.swift */ = {isa = PBXFileReference; lastKnownFileType = sourcecode.swift; path = FeedErrorViewModel.swift; sourceTree = "<group>"; };
		20A4BA7A2959CE1B00778F3A /* FeedLoadingViewModel.swift */ = {isa = PBXFileReference; lastKnownFileType = sourcecode.swift; path = FeedLoadingViewModel.swift; sourceTree = "<group>"; };
		20A4BA7C2959CE3C00778F3A /* FeedViewModel.swift */ = {isa = PBXFileReference; lastKnownFileType = sourcecode.swift; path = FeedViewModel.swift; sourceTree = "<group>"; };
		20A4BA7E2959CF9600778F3A /* ErrorView.swift */ = {isa = PBXFileReference; lastKnownFileType = sourcecode.swift; path = ErrorView.swift; sourceTree = "<group>"; };
		20A4BA83295A468200778F3A /* LoadFeedImageDataFromRemoteUseCaseTests.swift */ = {isa = PBXFileReference; lastKnownFileType = sourcecode.swift; path = LoadFeedImageDataFromRemoteUseCaseTests.swift; sourceTree = "<group>"; };
		20A4BA86295A471200778F3A /* HTTPClientSpy.swift */ = {isa = PBXFileReference; lastKnownFileType = sourcecode.swift; path = HTTPClientSpy.swift; sourceTree = "<group>"; };
		20A4BA8A295A6B8F00778F3A /* RemoteFeedImageDataLoader.swift */ = {isa = PBXFileReference; lastKnownFileType = sourcecode.swift; path = RemoteFeedImageDataLoader.swift; sourceTree = "<group>"; };
		20A4BA8D295A6F7D00778F3A /* HTTPURLResponse+Status.swift */ = {isa = PBXFileReference; lastKnownFileType = sourcecode.swift; path = "HTTPURLResponse+Status.swift"; sourceTree = "<group>"; };
		20A4BA8F295A6FF000778F3A /* URLProtocolStub.swift */ = {isa = PBXFileReference; lastKnownFileType = sourcecode.swift; path = URLProtocolStub.swift; sourceTree = "<group>"; };
		20A4BA91295AEF9D00778F3A /* LoadFeedImageDataFromCacheUseCaseTests.swift */ = {isa = PBXFileReference; lastKnownFileType = sourcecode.swift; path = LoadFeedImageDataFromCacheUseCaseTests.swift; sourceTree = "<group>"; };
		20A4BA94295AF67A00778F3A /* FeedImageDataStore.swift */ = {isa = PBXFileReference; lastKnownFileType = sourcecode.swift; path = FeedImageDataStore.swift; sourceTree = "<group>"; };
		20A4BA96295AF69000778F3A /* LocalFeedImageDataLoader.swift */ = {isa = PBXFileReference; lastKnownFileType = sourcecode.swift; path = LocalFeedImageDataLoader.swift; sourceTree = "<group>"; };
		20C028FB294221680002341E /* RemoteFeedItem.swift */ = {isa = PBXFileReference; lastKnownFileType = sourcecode.swift; path = RemoteFeedItem.swift; sourceTree = "<group>"; };
		20C028FD294221950002341E /* LocalFeedImage.swift */ = {isa = PBXFileReference; lastKnownFileType = sourcecode.swift; path = LocalFeedImage.swift; sourceTree = "<group>"; };
		20D01C2B2940032700378E44 /* CacheFeedUseCaseTests.swift */ = {isa = PBXFileReference; lastKnownFileType = sourcecode.swift; path = CacheFeedUseCaseTests.swift; sourceTree = "<group>"; };
		20D01C2E29401CF600378E44 /* LocalFeedLoader.swift */ = {isa = PBXFileReference; lastKnownFileType = sourcecode.swift; path = LocalFeedLoader.swift; sourceTree = "<group>"; };
		20D01C3029401D6B00378E44 /* FeedStore.swift */ = {isa = PBXFileReference; lastKnownFileType = sourcecode.swift; path = FeedStore.swift; sourceTree = "<group>"; };
		20E93A96293C8D3700D64087 /* URLSessionHTTPClientTests.swift */ = {isa = PBXFileReference; lastKnownFileType = sourcecode.swift; path = URLSessionHTTPClientTests.swift; sourceTree = "<group>"; };
		20E93A99293CACA000D64087 /* XCTestCase+MemoryLeakTrackingHelper.swift */ = {isa = PBXFileReference; lastKnownFileType = sourcecode.swift; path = "XCTestCase+MemoryLeakTrackingHelper.swift"; sourceTree = "<group>"; };
		20E93A9B293CC0AB00D64087 /* URLSessionHTTPClient.swift */ = {isa = PBXFileReference; lastKnownFileType = sourcecode.swift; path = URLSessionHTTPClient.swift; sourceTree = "<group>"; };
		20E93AA1293CCA0D00D64087 /* EssentialFeedAPIEndToEndTests.xctest */ = {isa = PBXFileReference; explicitFileType = wrapper.cfbundle; includeInIndex = 0; path = EssentialFeedAPIEndToEndTests.xctest; sourceTree = BUILT_PRODUCTS_DIR; };
		20E93AA3293CCA0D00D64087 /* EssentialFeedAPIEndToEndTests.swift */ = {isa = PBXFileReference; lastKnownFileType = sourcecode.swift; path = EssentialFeedAPIEndToEndTests.swift; sourceTree = "<group>"; };
/* End PBXFileReference section */

/* Begin PBXFrameworksBuildPhase section */
		205A971E294F7CA300BAB3D2 /* Frameworks */ = {
			isa = PBXFrameworksBuildPhase;
			buildActionMask = 2147483647;
			files = (
				205A9725294F7CA300BAB3D2 /* EssentialFeed.framework in Frameworks */,
			);
			runOnlyForDeploymentPostprocessing = 0;
		};
		206CA9A92953B397009946D9 /* Frameworks */ = {
			isa = PBXFrameworksBuildPhase;
			buildActionMask = 2147483647;
			files = (
				206CA9C42953BDB8009946D9 /* EssentialFeed.framework in Frameworks */,
			);
			runOnlyForDeploymentPostprocessing = 0;
		};
		206CA9B02953B398009946D9 /* Frameworks */ = {
			isa = PBXFrameworksBuildPhase;
			buildActionMask = 2147483647;
			files = (
				206CA9B42953B399009946D9 /* EssentialFeediOS.framework in Frameworks */,
			);
			runOnlyForDeploymentPostprocessing = 0;
		};
		2077FE5A29395E26007FABBF /* Frameworks */ = {
			isa = PBXFrameworksBuildPhase;
			buildActionMask = 2147483647;
			files = (
			);
			runOnlyForDeploymentPostprocessing = 0;
		};
		2077FE6F29396154007FABBF /* Frameworks */ = {
			isa = PBXFrameworksBuildPhase;
			buildActionMask = 2147483647;
			files = (
				2077FE7629396154007FABBF /* EssentialFeed.framework in Frameworks */,
			);
			runOnlyForDeploymentPostprocessing = 0;
		};
		20E93A9E293CCA0D00D64087 /* Frameworks */ = {
			isa = PBXFrameworksBuildPhase;
			buildActionMask = 2147483647;
			files = (
				20E93AA5293CCA0D00D64087 /* EssentialFeed.framework in Frameworks */,
			);
			runOnlyForDeploymentPostprocessing = 0;
		};
/* End PBXFrameworksBuildPhase section */

/* Begin PBXGroup section */
		200081F52954B226000AAEEB /* Feed UI */ = {
			isa = PBXGroup;
			children = (
				200081FC2954BAD3000AAEEB /* Composers */,
				200081F72954B23C000AAEEB /* Views */,
				200081F62954B22E000AAEEB /* Controllers */,
			);
			path = "Feed UI";
			sourceTree = "<group>";
		};
		200081F62954B22E000AAEEB /* Controllers */ = {
			isa = PBXGroup;
			children = (
				206CA9CA2953C5D6009946D9 /* FeedViewController.swift */,
				200081FA2954B7EE000AAEEB /* FeedImageCellController.swift */,
			);
			path = Controllers;
			sourceTree = "<group>";
		};
		200081F72954B23C000AAEEB /* Views */ = {
			isa = PBXGroup;
			children = (
				200081ED29546B04000AAEEB /* FeedImageCell.swift */,
				200081EF29549607000AAEEB /* UIView+Shimmering.swift */,
				20A4BA4D2958CCDF00778F3A /* Feed.storyboard */,
				20A4BA4F2958D96500778F3A /* UITableView+Dequeing.swift */,
				20A4BA512958DA5A00778F3A /* UIImageView+Animation.swift */,
				20A4BA7E2959CF9600778F3A /* ErrorView.swift */,
			);
			path = Views;
			sourceTree = "<group>";
		};
		200081FC2954BAD3000AAEEB /* Composers */ = {
			isa = PBXGroup;
			children = (
				200081FD2954BAD9000AAEEB /* FeedUIComposer.swift */,
				20A4BA5E2958F75D00778F3A /* MainQueueDispatchDecorator.swift */,
			);
			path = Composers;
			sourceTree = "<group>";
		};
		205A970D294F53F700BAB3D2 /* FeedStoreSpecs */ = {
			isa = PBXGroup;
			children = (
				205A9702294F4D2E00BAB3D2 /* FeedStoreSpecs.swift */,
				205A9705294F4DA100BAB3D2 /* XCTesCase+FeedStoreSpecs.swift */,
				205A9707294F512D00BAB3D2 /* XCTestCase+FailableDeleteFeedStoreSpecs.swift */,
				205A9709294F517000BAB3D2 /* XCTestCase+FailableInsertFeedStoreSpecs.swift */,
				205A970B294F519A00BAB3D2 /* XCTestCase+FailableRetrieveFeedStoreSpecs.swift */,
			);
			path = FeedStoreSpecs;
			sourceTree = "<group>";
		};
		205A9715294F702800BAB3D2 /* Infrastructure */ = {
			isa = PBXGroup;
			children = (
				205A9716294F709800BAB3D2 /* Core Data */,
				205A9710294F604B00BAB3D2 /* CoreDataFeedStore.swift */,
				205A9719294F710B00BAB3D2 /* ManagedCache.swift */,
				205A971B294F712500BAB3D2 /* ManagedFeedImage.swift */,
			);
			path = Infrastructure;
			sourceTree = "<group>";
		};
		205A9716294F709800BAB3D2 /* Core Data */ = {
			isa = PBXGroup;
			children = (
				205A9717294F70A600BAB3D2 /* CoreDataHelpers.swift */,
			);
			path = "Core Data";
			sourceTree = "<group>";
		};
		205A9722294F7CA300BAB3D2 /* EssentialFeedCacheIntegrationTests */ = {
			isa = PBXGroup;
			children = (
				205A9723294F7CA300BAB3D2 /* EssentialFeedCacheIntegrationTests.swift */,
			);
			path = EssentialFeedCacheIntegrationTests;
			sourceTree = "<group>";
		};
		205AF45A293B904D00F14AE9 /* Feed API */ = {
			isa = PBXGroup;
			children = (
				20A4BA85295A470700778F3A /* Helpers */,
				2077FE7C293A5048007FABBF /* LoadFeedFromRemoteUseCaseTests.swift */,
				20E93A96293C8D3700D64087 /* URLSessionHTTPClientTests.swift */,
				20A4BA91295AEF9D00778F3A /* LoadFeedImageDataFromCacheUseCaseTests.swift */,
				20A4BA83295A468200778F3A /* LoadFeedImageDataFromRemoteUseCaseTests.swift */,
			);
			path = "Feed API";
			sourceTree = "<group>";
		};
		205C61182948F9720087303D /* Helpers */ = {
			isa = PBXGroup;
			children = (
				205C61192948F97B0087303D /* FeedStoreSpy.swift */,
				201F449A294945B000F82EA4 /* FeedCacheTestHelpers.swift */,
			);
			path = Helpers;
			sourceTree = "<group>";
		};
		206CA9AD2953B398009946D9 /* EssentialFeediOS */ = {
			isa = PBXGroup;
			children = (
				20A4BA4A2958B85B00778F3A /* Feed Presentation */,
				200081F52954B226000AAEEB /* Feed UI */,
			);
			path = EssentialFeediOS;
			sourceTree = "<group>";
		};
		206CA9B72953B399009946D9 /* EssentialFeediOSTests */ = {
			isa = PBXGroup;
			children = (
				206CA9C12953BB31009946D9 /* FeedUIIntegrationTests.swift */,
				20A4BA552958EA7D00778F3A /* FeedUIIntegrationTests+Localization.swift */,
			);
			path = EssentialFeediOSTests;
			sourceTree = "<group>";
		};
		206CA9C32953BDB8009946D9 /* Frameworks */ = {
			isa = PBXGroup;
			children = (
			);
			name = Frameworks;
			sourceTree = "<group>";
		};
		2077FE5329395E26007FABBF = {
			isa = PBXGroup;
			children = (
				2077FE5F29395E26007FABBF /* EssentialFeed */,
				2077FE7329396154007FABBF /* EssentialFeedTests */,
				20E93AA2293CCA0D00D64087 /* EssentialFeedAPIEndToEndTests */,
				205A9722294F7CA300BAB3D2 /* EssentialFeedCacheIntegrationTests */,
				206CA9AD2953B398009946D9 /* EssentialFeediOS */,
				206CA9B72953B399009946D9 /* EssentialFeediOSTests */,
				2077FE5E29395E26007FABBF /* Products */,
				206CA9C32953BDB8009946D9 /* Frameworks */,
			);
			sourceTree = "<group>";
		};
		2077FE5E29395E26007FABBF /* Products */ = {
			isa = PBXGroup;
			children = (
				2077FE5D29395E26007FABBF /* EssentialFeed.framework */,
				2077FE7229396154007FABBF /* EssentialFeedTests.xctest */,
				20E93AA1293CCA0D00D64087 /* EssentialFeedAPIEndToEndTests.xctest */,
				205A9721294F7CA300BAB3D2 /* EssentialFeedCacheIntegrationTests.xctest */,
				206CA9AC2953B397009946D9 /* EssentialFeediOS.framework */,
				206CA9B32953B398009946D9 /* EssentialFeediOSTests.xctest */,
			);
			name = Products;
			sourceTree = "<group>";
		};
		2077FE5F29395E26007FABBF /* EssentialFeed */ = {
			isa = PBXGroup;
			children = (
				20A4BA742959CD5B00778F3A /* Feed Presentation */,
				20D01C2D29401CED00378E44 /* Feed Cache */,
				2077FE7E293A6627007FABBF /* Feed API */,
				2077FE6D29395F92007FABBF /* Feed Feature */,
				2077FE6029395E26007FABBF /* EssentialFeed.h */,
				2077FE6129395E26007FABBF /* EssentialFeed.docc */,
			);
			path = EssentialFeed;
			sourceTree = "<group>";
		};
		2077FE6D29395F92007FABBF /* Feed Feature */ = {
			isa = PBXGroup;
			children = (
				2077FE6929395E4C007FABBF /* FeedImage.swift */,
				2077FE6B29395ED9007FABBF /* FeedLoader.swift */,
				200081F12954B194000AAEEB /* FeedImageDataLoader.swift */,
				200081F32954B1AE000AAEEB /* FeedImageDataLoaderTask.swift */,
			);
			path = "Feed Feature";
			sourceTree = "<group>";
		};
		2077FE7329396154007FABBF /* EssentialFeedTests */ = {
			isa = PBXGroup;
			children = (
				20E93A98293CAC8900D64087 /* Helpers */,
				20D01C2A2940031000378E44 /* Feed Cache */,
				205AF45A293B904D00F14AE9 /* Feed API */,
				20A4BA5B2958EC1600778F3A /* Feed Localization */,
				20A4BA6A2959C04800778F3A /* Feed Presentation */,
			);
			path = EssentialFeedTests;
			sourceTree = "<group>";
		};
		2077FE7E293A6627007FABBF /* Feed API */ = {
			isa = PBXGroup;
			children = (
				20A4BA8C295A6F7000778F3A /* Helpers */,
				2077FE7F293A6634007FABBF /* RemoteFeedLoader.swift */,
				205AF456293B8B0A00F14AE9 /* HTTPClient.swift */,
				205AF458293B8B4800F14AE9 /* FeedItemsMapper.swift */,
				20C028FB294221680002341E /* RemoteFeedItem.swift */,
				20E93A9B293CC0AB00D64087 /* URLSessionHTTPClient.swift */,
				20A4BA8A295A6B8F00778F3A /* RemoteFeedImageDataLoader.swift */,
			);
			path = "Feed API";
			sourceTree = "<group>";
		};
		20A4BA4A2958B85B00778F3A /* Feed Presentation */ = {
			isa = PBXGroup;
			children = (
				2000820229561E32000AAEEB /* FeedImageViewModel.swift */,
			);
			path = "Feed Presentation";
			sourceTree = "<group>";
		};
		20A4BA5B2958EC1600778F3A /* Feed Localization */ = {
			isa = PBXGroup;
			children = (
				20A4BA5C2958EC2300778F3A /* FeedLocalizationTests.swift */,
			);
			path = "Feed Localization";
			sourceTree = "<group>";
		};
		20A4BA6A2959C04800778F3A /* Feed Presentation */ = {
			isa = PBXGroup;
			children = (
				20A4BA6C2959C07400778F3A /* FeedPresenterTests.swift */,
			);
			path = "Feed Presentation";
			sourceTree = "<group>";
		};
		20A4BA742959CD5B00778F3A /* Feed Presentation */ = {
			isa = PBXGroup;
			children = (
				20A4BA752959CD7500778F3A /* FeedPresenter.swift */,
				20A4BA7A2959CE1B00778F3A /* FeedLoadingViewModel.swift */,
				20A4BA782959CDFB00778F3A /* FeedErrorViewModel.swift */,
				20A4BA7C2959CE3C00778F3A /* FeedViewModel.swift */,
				20A4BA722959C9F600778F3A /* Feed.strings */,
			);
			path = "Feed Presentation";
			sourceTree = "<group>";
		};
		20A4BA85295A470700778F3A /* Helpers */ = {
			isa = PBXGroup;
			children = (
				20A4BA86295A471200778F3A /* HTTPClientSpy.swift */,
				20A4BA8F295A6FF000778F3A /* URLProtocolStub.swift */,
			);
			path = Helpers;
			sourceTree = "<group>";
		};
		20A4BA8C295A6F7000778F3A /* Helpers */ = {
			isa = PBXGroup;
			children = (
				20A4BA8D295A6F7D00778F3A /* HTTPURLResponse+Status.swift */,
			);
			path = Helpers;
			sourceTree = "<group>";
		};
		20D01C2A2940031000378E44 /* Feed Cache */ = {
			isa = PBXGroup;
			children = (
				205A970D294F53F700BAB3D2 /* FeedStoreSpecs */,
				205C61182948F9720087303D /* Helpers */,
				20D01C2B2940032700378E44 /* CacheFeedUseCaseTests.swift */,
				205C61162948F7D80087303D /* LoadFeedFromCacheUseCaseTests.swift */,
				201F44982949412800F82EA4 /* ValidateFeedCacheUseCaseTests.swift */,
				205A970E294F5F7D00BAB3D2 /* CoreDataFeedStoreTests.swift */,
			);
			path = "Feed Cache";
			sourceTree = "<group>";
		};
		20D01C2D29401CED00378E44 /* Feed Cache */ = {
			isa = PBXGroup;
			children = (
				205A9715294F702800BAB3D2 /* Infrastructure */,
				20D01C2E29401CF600378E44 /* LocalFeedLoader.swift */,
				201F449E2949E6B700F82EA4 /* FeedCachePolicy.swift */,
				20D01C3029401D6B00378E44 /* FeedStore.swift */,
				20C028FD294221950002341E /* LocalFeedImage.swift */,
				205A9712294F617400BAB3D2 /* FeedStore.xcdatamodeld */,
				20A4BA94295AF67A00778F3A /* FeedImageDataStore.swift */,
				20A4BA96295AF69000778F3A /* LocalFeedImageDataLoader.swift */,
			);
			path = "Feed Cache";
			sourceTree = "<group>";
		};
		20E93A98293CAC8900D64087 /* Helpers */ = {
			isa = PBXGroup;
			children = (
				20E93A99293CACA000D64087 /* XCTestCase+MemoryLeakTrackingHelper.swift */,
				201F449C2949467200F82EA4 /* SharedTestHelpers.swift */,
			);
			path = Helpers;
			sourceTree = "<group>";
		};
		20E93AA2293CCA0D00D64087 /* EssentialFeedAPIEndToEndTests */ = {
			isa = PBXGroup;
			children = (
				20E93AA3293CCA0D00D64087 /* EssentialFeedAPIEndToEndTests.swift */,
			);
			path = EssentialFeedAPIEndToEndTests;
			sourceTree = "<group>";
		};
/* End PBXGroup section */

/* Begin PBXHeadersBuildPhase section */
		206CA9A72953B397009946D9 /* Headers */ = {
			isa = PBXHeadersBuildPhase;
			buildActionMask = 2147483647;
			files = (
			);
			runOnlyForDeploymentPostprocessing = 0;
		};
		2077FE5829395E26007FABBF /* Headers */ = {
			isa = PBXHeadersBuildPhase;
			buildActionMask = 2147483647;
			files = (
				2077FE6329395E26007FABBF /* EssentialFeed.h in Headers */,
			);
			runOnlyForDeploymentPostprocessing = 0;
		};
/* End PBXHeadersBuildPhase section */

/* Begin PBXNativeTarget section */
		205A9720294F7CA300BAB3D2 /* EssentialFeedCacheIntegrationTests */ = {
			isa = PBXNativeTarget;
			buildConfigurationList = 205A972A294F7CA300BAB3D2 /* Build configuration list for PBXNativeTarget "EssentialFeedCacheIntegrationTests" */;
			buildPhases = (
				205A971D294F7CA300BAB3D2 /* Sources */,
				205A971E294F7CA300BAB3D2 /* Frameworks */,
				205A971F294F7CA300BAB3D2 /* Resources */,
			);
			buildRules = (
			);
			dependencies = (
				205A9727294F7CA300BAB3D2 /* PBXTargetDependency */,
			);
			name = EssentialFeedCacheIntegrationTests;
			productName = EssentialFeedCacheIntegrationTests;
			productReference = 205A9721294F7CA300BAB3D2 /* EssentialFeedCacheIntegrationTests.xctest */;
			productType = "com.apple.product-type.bundle.unit-test";
		};
		206CA9AB2953B397009946D9 /* EssentialFeediOS */ = {
			isa = PBXNativeTarget;
			buildConfigurationList = 206CA9BB2953B399009946D9 /* Build configuration list for PBXNativeTarget "EssentialFeediOS" */;
			buildPhases = (
				206CA9A72953B397009946D9 /* Headers */,
				206CA9A82953B397009946D9 /* Sources */,
				206CA9A92953B397009946D9 /* Frameworks */,
				206CA9AA2953B397009946D9 /* Resources */,
				206CA9C82953BDB8009946D9 /* Embed Frameworks */,
			);
			buildRules = (
			);
			dependencies = (
				206CA9C72953BDB8009946D9 /* PBXTargetDependency */,
			);
			name = EssentialFeediOS;
			productName = EssentialFeediOS;
			productReference = 206CA9AC2953B397009946D9 /* EssentialFeediOS.framework */;
			productType = "com.apple.product-type.framework";
		};
		206CA9B22953B398009946D9 /* EssentialFeediOSTests */ = {
			isa = PBXNativeTarget;
			buildConfigurationList = 206CA9BE2953B399009946D9 /* Build configuration list for PBXNativeTarget "EssentialFeediOSTests" */;
			buildPhases = (
				206CA9AF2953B398009946D9 /* Sources */,
				206CA9B02953B398009946D9 /* Frameworks */,
				206CA9B12953B398009946D9 /* Resources */,
			);
			buildRules = (
			);
			dependencies = (
				206CA9B62953B399009946D9 /* PBXTargetDependency */,
			);
			name = EssentialFeediOSTests;
			productName = EssentialFeediOSTests;
			productReference = 206CA9B32953B398009946D9 /* EssentialFeediOSTests.xctest */;
			productType = "com.apple.product-type.bundle.unit-test";
		};
		2077FE5C29395E26007FABBF /* EssentialFeed */ = {
			isa = PBXNativeTarget;
			buildConfigurationList = 2077FE6629395E26007FABBF /* Build configuration list for PBXNativeTarget "EssentialFeed" */;
			buildPhases = (
				2077FE5829395E26007FABBF /* Headers */,
				2077FE5929395E26007FABBF /* Sources */,
				2077FE5A29395E26007FABBF /* Frameworks */,
				2077FE5B29395E26007FABBF /* Resources */,
			);
			buildRules = (
			);
			dependencies = (
			);
			name = EssentialFeed;
			productName = EssentialFeed;
			productReference = 2077FE5D29395E26007FABBF /* EssentialFeed.framework */;
			productType = "com.apple.product-type.framework";
		};
		2077FE7129396154007FABBF /* EssentialFeedTests */ = {
			isa = PBXNativeTarget;
			buildConfigurationList = 2077FE7929396154007FABBF /* Build configuration list for PBXNativeTarget "EssentialFeedTests" */;
			buildPhases = (
				2077FE6E29396154007FABBF /* Sources */,
				2077FE6F29396154007FABBF /* Frameworks */,
				2077FE7029396154007FABBF /* Resources */,
			);
			buildRules = (
			);
			dependencies = (
				2077FE7829396154007FABBF /* PBXTargetDependency */,
			);
			name = EssentialFeedTests;
			productName = EssentialFeedTests;
			productReference = 2077FE7229396154007FABBF /* EssentialFeedTests.xctest */;
			productType = "com.apple.product-type.bundle.unit-test";
		};
		20E93AA0293CCA0D00D64087 /* EssentialFeedAPIEndToEndTests */ = {
			isa = PBXNativeTarget;
			buildConfigurationList = 20E93AA8293CCA0D00D64087 /* Build configuration list for PBXNativeTarget "EssentialFeedAPIEndToEndTests" */;
			buildPhases = (
				20E93A9D293CCA0D00D64087 /* Sources */,
				20E93A9E293CCA0D00D64087 /* Frameworks */,
				20E93A9F293CCA0D00D64087 /* Resources */,
			);
			buildRules = (
			);
			dependencies = (
				20E93AA7293CCA0D00D64087 /* PBXTargetDependency */,
			);
			name = EssentialFeedAPIEndToEndTests;
			productName = EssentialFeedAPIEndToEndTests;
			productReference = 20E93AA1293CCA0D00D64087 /* EssentialFeedAPIEndToEndTests.xctest */;
			productType = "com.apple.product-type.bundle.unit-test";
		};
/* End PBXNativeTarget section */

/* Begin PBXProject section */
		2077FE5429395E26007FABBF /* Project object */ = {
			isa = PBXProject;
			attributes = {
				BuildIndependentTargetsInParallel = 1;
				LastSwiftUpdateCheck = 1410;
				LastUpgradeCheck = 1410;
				TargetAttributes = {
					205A9720294F7CA300BAB3D2 = {
						CreatedOnToolsVersion = 14.1;
					};
					206CA9AB2953B397009946D9 = {
						CreatedOnToolsVersion = 14.1;
						LastSwiftMigration = 1410;
					};
					206CA9B22953B398009946D9 = {
						CreatedOnToolsVersion = 14.1;
						LastSwiftMigration = 1410;
					};
					2077FE5C29395E26007FABBF = {
						CreatedOnToolsVersion = 14.1;
					};
					2077FE7129396154007FABBF = {
						CreatedOnToolsVersion = 14.1;
					};
					20E93AA0293CCA0D00D64087 = {
						CreatedOnToolsVersion = 14.1;
					};
				};
			};
			buildConfigurationList = 2077FE5729395E26007FABBF /* Build configuration list for PBXProject "EssentialFeed" */;
			compatibilityVersion = "Xcode 14.0";
			developmentRegion = en;
			hasScannedForEncodings = 0;
			knownRegions = (
				en,
				Base,
				pl,
			);
			mainGroup = 2077FE5329395E26007FABBF;
			productRefGroup = 2077FE5E29395E26007FABBF /* Products */;
			projectDirPath = "";
			projectRoot = "";
			targets = (
				2077FE5C29395E26007FABBF /* EssentialFeed */,
				2077FE7129396154007FABBF /* EssentialFeedTests */,
				20E93AA0293CCA0D00D64087 /* EssentialFeedAPIEndToEndTests */,
				205A9720294F7CA300BAB3D2 /* EssentialFeedCacheIntegrationTests */,
				206CA9AB2953B397009946D9 /* EssentialFeediOS */,
				206CA9B22953B398009946D9 /* EssentialFeediOSTests */,
			);
		};
/* End PBXProject section */

/* Begin PBXResourcesBuildPhase section */
		205A971F294F7CA300BAB3D2 /* Resources */ = {
			isa = PBXResourcesBuildPhase;
			buildActionMask = 2147483647;
			files = (
			);
			runOnlyForDeploymentPostprocessing = 0;
		};
		206CA9AA2953B397009946D9 /* Resources */ = {
			isa = PBXResourcesBuildPhase;
			buildActionMask = 2147483647;
			files = (
				20A4BA4E2958CCDF00778F3A /* Feed.storyboard in Resources */,
			);
			runOnlyForDeploymentPostprocessing = 0;
		};
		206CA9B12953B398009946D9 /* Resources */ = {
			isa = PBXResourcesBuildPhase;
			buildActionMask = 2147483647;
			files = (
			);
			runOnlyForDeploymentPostprocessing = 0;
		};
		2077FE5B29395E26007FABBF /* Resources */ = {
			isa = PBXResourcesBuildPhase;
			buildActionMask = 2147483647;
			files = (
				20A4BA772959CDD700778F3A /* Feed.strings in Resources */,
			);
			runOnlyForDeploymentPostprocessing = 0;
		};
		2077FE7029396154007FABBF /* Resources */ = {
			isa = PBXResourcesBuildPhase;
			buildActionMask = 2147483647;
			files = (
			);
			runOnlyForDeploymentPostprocessing = 0;
		};
		20E93A9F293CCA0D00D64087 /* Resources */ = {
			isa = PBXResourcesBuildPhase;
			buildActionMask = 2147483647;
			files = (
			);
			runOnlyForDeploymentPostprocessing = 0;
		};
/* End PBXResourcesBuildPhase section */

/* Begin PBXSourcesBuildPhase section */
		205A971D294F7CA300BAB3D2 /* Sources */ = {
			isa = PBXSourcesBuildPhase;
			buildActionMask = 2147483647;
			files = (
				205A972D294F819900BAB3D2 /* SharedTestHelpers.swift in Sources */,
				205A9724294F7CA300BAB3D2 /* EssentialFeedCacheIntegrationTests.swift in Sources */,
				205A972C294F818900BAB3D2 /* FeedCacheTestHelpers.swift in Sources */,
				205A972B294F7FCE00BAB3D2 /* XCTestCase+MemoryLeakTrackingHelper.swift in Sources */,
			);
			runOnlyForDeploymentPostprocessing = 0;
		};
		206CA9A82953B397009946D9 /* Sources */ = {
			isa = PBXSourcesBuildPhase;
			buildActionMask = 2147483647;
			files = (
				200081FE2954BAD9000AAEEB /* FeedUIComposer.swift in Sources */,
				200081F029549607000AAEEB /* UIView+Shimmering.swift in Sources */,
				200081FB2954B7EE000AAEEB /* FeedImageCellController.swift in Sources */,
				20A4BA502958D96500778F3A /* UITableView+Dequeing.swift in Sources */,
				206CA9CB2953C5D6009946D9 /* FeedViewController.swift in Sources */,
				20A4BA7F2959CF9600778F3A /* ErrorView.swift in Sources */,
				20A4BA5F2958F75D00778F3A /* MainQueueDispatchDecorator.swift in Sources */,
				2000820329561E32000AAEEB /* FeedImageViewModel.swift in Sources */,
				20A4BA522958DA5A00778F3A /* UIImageView+Animation.swift in Sources */,
				200081EE29546B04000AAEEB /* FeedImageCell.swift in Sources */,
			);
			runOnlyForDeploymentPostprocessing = 0;
		};
		206CA9AF2953B398009946D9 /* Sources */ = {
			isa = PBXSourcesBuildPhase;
			buildActionMask = 2147483647;
			files = (
				206CA9C22953BB31009946D9 /* FeedUIIntegrationTests.swift in Sources */,
				206CA9C92953BE7F009946D9 /* XCTestCase+MemoryLeakTrackingHelper.swift in Sources */,
				20A4BA562958EA7D00778F3A /* FeedUIIntegrationTests+Localization.swift in Sources */,
			);
			runOnlyForDeploymentPostprocessing = 0;
		};
		2077FE5929395E26007FABBF /* Sources */ = {
			isa = PBXSourcesBuildPhase;
			buildActionMask = 2147483647;
			files = (
				20C028FE294221950002341E /* LocalFeedImage.swift in Sources */,
				205A9714294F617400BAB3D2 /* FeedStore.xcdatamodeld in Sources */,
				20D01C3129401D6B00378E44 /* FeedStore.swift in Sources */,
				20A4BA7B2959CE1B00778F3A /* FeedLoadingViewModel.swift in Sources */,
				20A4BA792959CDFB00778F3A /* FeedErrorViewModel.swift in Sources */,
				20A4BA8E295A6F7D00778F3A /* HTTPURLResponse+Status.swift in Sources */,
				20E93A9C293CC0AB00D64087 /* URLSessionHTTPClient.swift in Sources */,
				20A4BA8B295A6B8F00778F3A /* RemoteFeedImageDataLoader.swift in Sources */,
				20A4BA7D2959CE3C00778F3A /* FeedViewModel.swift in Sources */,
				2077FE80293A6634007FABBF /* RemoteFeedLoader.swift in Sources */,
				205AF457293B8B0A00F14AE9 /* HTTPClient.swift in Sources */,
				205A9718294F70A600BAB3D2 /* CoreDataHelpers.swift in Sources */,
				200081F42954B1AE000AAEEB /* FeedImageDataLoaderTask.swift in Sources */,
				2077FE6C29395ED9007FABBF /* FeedLoader.swift in Sources */,
				205A9711294F604B00BAB3D2 /* CoreDataFeedStore.swift in Sources */,
				20A4BA95295AF67A00778F3A /* FeedImageDataStore.swift in Sources */,
				20A4BA762959CD7500778F3A /* FeedPresenter.swift in Sources */,
				205A971A294F710B00BAB3D2 /* ManagedCache.swift in Sources */,
				205AF459293B8B4800F14AE9 /* FeedItemsMapper.swift in Sources */,
				20C028FC294221680002341E /* RemoteFeedItem.swift in Sources */,
				200081F22954B194000AAEEB /* FeedImageDataLoader.swift in Sources */,
				201F449F2949E6B700F82EA4 /* FeedCachePolicy.swift in Sources */,
				2077FE6A29395E4C007FABBF /* FeedImage.swift in Sources */,
				205A971C294F712500BAB3D2 /* ManagedFeedImage.swift in Sources */,
				20A4BA97295AF69000778F3A /* LocalFeedImageDataLoader.swift in Sources */,
				20D01C2F29401CF600378E44 /* LocalFeedLoader.swift in Sources */,
				2077FE6229395E26007FABBF /* EssentialFeed.docc in Sources */,
			);
			runOnlyForDeploymentPostprocessing = 0;
		};
		2077FE6E29396154007FABBF /* Sources */ = {
			isa = PBXSourcesBuildPhase;
			buildActionMask = 2147483647;
			files = (
				20A4BA92295AEF9D00778F3A /* LoadFeedImageDataFromCacheUseCaseTests.swift in Sources */,
				205A9708294F512D00BAB3D2 /* XCTestCase+FailableDeleteFeedStoreSpecs.swift in Sources */,
				20A4BA84295A468200778F3A /* LoadFeedImageDataFromRemoteUseCaseTests.swift in Sources */,
				201F449B294945B000F82EA4 /* FeedCacheTestHelpers.swift in Sources */,
				20A4BA6D2959C07400778F3A /* FeedPresenterTests.swift in Sources */,
				201F44992949412800F82EA4 /* ValidateFeedCacheUseCaseTests.swift in Sources */,
				20A4BA87295A471200778F3A /* HTTPClientSpy.swift in Sources */,
				205A970A294F517000BAB3D2 /* XCTestCase+FailableInsertFeedStoreSpecs.swift in Sources */,
				20A4BA802959D1A900778F3A /* FeedLocalizationTests.swift in Sources */,
				2077FE7D293A5048007FABBF /* LoadFeedFromRemoteUseCaseTests.swift in Sources */,
				20E93A97293C8D3700D64087 /* URLSessionHTTPClientTests.swift in Sources */,
				205A970C294F519A00BAB3D2 /* XCTestCase+FailableRetrieveFeedStoreSpecs.swift in Sources */,
				205C611A2948F97B0087303D /* FeedStoreSpy.swift in Sources */,
				201F449D2949467200F82EA4 /* SharedTestHelpers.swift in Sources */,
				20D01C2C2940032700378E44 /* CacheFeedUseCaseTests.swift in Sources */,
				205C61172948F7D80087303D /* LoadFeedFromCacheUseCaseTests.swift in Sources */,
				205A9703294F4D2E00BAB3D2 /* FeedStoreSpecs.swift in Sources */,
				205A9706294F4DA100BAB3D2 /* XCTesCase+FeedStoreSpecs.swift in Sources */,
				205A970F294F5F7D00BAB3D2 /* CoreDataFeedStoreTests.swift in Sources */,
				20E93A9A293CACA000D64087 /* XCTestCase+MemoryLeakTrackingHelper.swift in Sources */,
				20A4BA90295A6FF000778F3A /* URLProtocolStub.swift in Sources */,
			);
			runOnlyForDeploymentPostprocessing = 0;
		};
		20E93A9D293CCA0D00D64087 /* Sources */ = {
			isa = PBXSourcesBuildPhase;
			buildActionMask = 2147483647;
			files = (
				20E93AA4293CCA0D00D64087 /* EssentialFeedAPIEndToEndTests.swift in Sources */,
				20E93AAB293CCE3800D64087 /* XCTestCase+MemoryLeakTrackingHelper.swift in Sources */,
			);
			runOnlyForDeploymentPostprocessing = 0;
		};
/* End PBXSourcesBuildPhase section */

/* Begin PBXTargetDependency section */
		205A9727294F7CA300BAB3D2 /* PBXTargetDependency */ = {
			isa = PBXTargetDependency;
			target = 2077FE5C29395E26007FABBF /* EssentialFeed */;
			targetProxy = 205A9726294F7CA300BAB3D2 /* PBXContainerItemProxy */;
		};
		206CA9B62953B399009946D9 /* PBXTargetDependency */ = {
			isa = PBXTargetDependency;
			target = 206CA9AB2953B397009946D9 /* EssentialFeediOS */;
			targetProxy = 206CA9B52953B399009946D9 /* PBXContainerItemProxy */;
		};
		206CA9C72953BDB8009946D9 /* PBXTargetDependency */ = {
			isa = PBXTargetDependency;
			platformFilter = ios;
			target = 2077FE5C29395E26007FABBF /* EssentialFeed */;
			targetProxy = 206CA9C62953BDB8009946D9 /* PBXContainerItemProxy */;
		};
		2077FE7829396154007FABBF /* PBXTargetDependency */ = {
			isa = PBXTargetDependency;
			target = 2077FE5C29395E26007FABBF /* EssentialFeed */;
			targetProxy = 2077FE7729396154007FABBF /* PBXContainerItemProxy */;
		};
		20E93AA7293CCA0D00D64087 /* PBXTargetDependency */ = {
			isa = PBXTargetDependency;
			target = 2077FE5C29395E26007FABBF /* EssentialFeed */;
			targetProxy = 20E93AA6293CCA0D00D64087 /* PBXContainerItemProxy */;
		};
/* End PBXTargetDependency section */

/* Begin PBXVariantGroup section */
		20A4BA722959C9F600778F3A /* Feed.strings */ = {
			isa = PBXVariantGroup;
			children = (
				20A4BA712959C9F600778F3A /* en */,
				20A4BA732959C9FA00778F3A /* pl */,
			);
			name = Feed.strings;
			sourceTree = "<group>";
		};
/* End PBXVariantGroup section */

/* Begin XCBuildConfiguration section */
		205A9728294F7CA300BAB3D2 /* Debug */ = {
			isa = XCBuildConfiguration;
			buildSettings = {
				CODE_SIGN_STYLE = Automatic;
				CURRENT_PROJECT_VERSION = 1;
				DEVELOPMENT_TEAM = G4SSSTZ8BN;
				GENERATE_INFOPLIST_FILE = YES;
				MARKETING_VERSION = 1.0;
				PRODUCT_BUNDLE_IDENTIFIER = com.kasprzykmichal.EssentialFeedCacheIntegrationTests;
				PRODUCT_NAME = "$(TARGET_NAME)";
				SUPPORTED_PLATFORMS = "macosx iphonesimulator iphoneos";
				SWIFT_EMIT_LOC_STRINGS = NO;
				SWIFT_VERSION = 5.0;
			};
			name = Debug;
		};
		205A9729294F7CA300BAB3D2 /* Release */ = {
			isa = XCBuildConfiguration;
			buildSettings = {
				CODE_SIGN_STYLE = Automatic;
				CURRENT_PROJECT_VERSION = 1;
				DEVELOPMENT_TEAM = G4SSSTZ8BN;
				GENERATE_INFOPLIST_FILE = YES;
				MARKETING_VERSION = 1.0;
				PRODUCT_BUNDLE_IDENTIFIER = com.kasprzykmichal.EssentialFeedCacheIntegrationTests;
				PRODUCT_NAME = "$(TARGET_NAME)";
				SUPPORTED_PLATFORMS = "macosx iphonesimulator iphoneos";
				SWIFT_EMIT_LOC_STRINGS = NO;
				SWIFT_VERSION = 5.0;
			};
			name = Release;
		};
		206CA9BC2953B399009946D9 /* Debug */ = {
			isa = XCBuildConfiguration;
			buildSettings = {
				CLANG_ENABLE_MODULES = YES;
				CODE_SIGN_STYLE = Automatic;
				CURRENT_PROJECT_VERSION = 1;
				DEFINES_MODULE = YES;
				DEVELOPMENT_TEAM = G4SSSTZ8BN;
				DYLIB_COMPATIBILITY_VERSION = 1;
				DYLIB_CURRENT_VERSION = 1;
				DYLIB_INSTALL_NAME_BASE = "@rpath";
				GENERATE_INFOPLIST_FILE = YES;
				INFOPLIST_KEY_NSHumanReadableCopyright = "";
				INSTALL_PATH = "$(LOCAL_LIBRARY_DIR)/Frameworks";
				IPHONEOS_DEPLOYMENT_TARGET = 16.1;
				LD_RUNPATH_SEARCH_PATHS = (
					"$(inherited)",
					"@executable_path/Frameworks",
					"@loader_path/Frameworks",
				);
				MARKETING_VERSION = 1.0;
				PRODUCT_BUNDLE_IDENTIFIER = com.kasprzykmichal.EssentialFeediOS;
				PRODUCT_NAME = "$(TARGET_NAME:c99extidentifier)";
				SDKROOT = iphoneos;
				SKIP_INSTALL = YES;
				SWIFT_EMIT_LOC_STRINGS = YES;
				SWIFT_OPTIMIZATION_LEVEL = "-Onone";
				SWIFT_VERSION = 5.0;
				TARGETED_DEVICE_FAMILY = "1,2";
			};
			name = Debug;
		};
		206CA9BD2953B399009946D9 /* Release */ = {
			isa = XCBuildConfiguration;
			buildSettings = {
				CLANG_ENABLE_MODULES = YES;
				CODE_SIGN_STYLE = Automatic;
				CURRENT_PROJECT_VERSION = 1;
				DEFINES_MODULE = YES;
				DEVELOPMENT_TEAM = G4SSSTZ8BN;
				DYLIB_COMPATIBILITY_VERSION = 1;
				DYLIB_CURRENT_VERSION = 1;
				DYLIB_INSTALL_NAME_BASE = "@rpath";
				GENERATE_INFOPLIST_FILE = YES;
				INFOPLIST_KEY_NSHumanReadableCopyright = "";
				INSTALL_PATH = "$(LOCAL_LIBRARY_DIR)/Frameworks";
				IPHONEOS_DEPLOYMENT_TARGET = 16.1;
				LD_RUNPATH_SEARCH_PATHS = (
					"$(inherited)",
					"@executable_path/Frameworks",
					"@loader_path/Frameworks",
				);
				MARKETING_VERSION = 1.0;
				PRODUCT_BUNDLE_IDENTIFIER = com.kasprzykmichal.EssentialFeediOS;
				PRODUCT_NAME = "$(TARGET_NAME:c99extidentifier)";
				SDKROOT = iphoneos;
				SKIP_INSTALL = YES;
				SWIFT_EMIT_LOC_STRINGS = YES;
				SWIFT_VERSION = 5.0;
				TARGETED_DEVICE_FAMILY = "1,2";
				VALIDATE_PRODUCT = YES;
			};
			name = Release;
		};
		206CA9BF2953B399009946D9 /* Debug */ = {
			isa = XCBuildConfiguration;
			buildSettings = {
				ALWAYS_EMBED_SWIFT_STANDARD_LIBRARIES = YES;
				CLANG_ENABLE_MODULES = YES;
				CODE_SIGN_STYLE = Automatic;
				CURRENT_PROJECT_VERSION = 1;
				DEVELOPMENT_TEAM = G4SSSTZ8BN;
				GENERATE_INFOPLIST_FILE = YES;
				IPHONEOS_DEPLOYMENT_TARGET = 16.1;
				LD_RUNPATH_SEARCH_PATHS = (
					"$(inherited)",
					"@executable_path/Frameworks",
					"@loader_path/Frameworks",
				);
				MARKETING_VERSION = 1.0;
				PRODUCT_BUNDLE_IDENTIFIER = com.kasprzykmichal.EssentialFeediOSTests;
				PRODUCT_NAME = "$(TARGET_NAME)";
				SDKROOT = iphoneos;
				SUPPORTED_PLATFORMS = "iphoneos iphonesimulator";
				SUPPORTS_MACCATALYST = NO;
				SUPPORTS_MAC_DESIGNED_FOR_IPHONE_IPAD = NO;
				SWIFT_EMIT_LOC_STRINGS = NO;
				SWIFT_OPTIMIZATION_LEVEL = "-Onone";
				SWIFT_VERSION = 5.0;
				TARGETED_DEVICE_FAMILY = "1,2";
			};
			name = Debug;
		};
		206CA9C02953B399009946D9 /* Release */ = {
			isa = XCBuildConfiguration;
			buildSettings = {
				ALWAYS_EMBED_SWIFT_STANDARD_LIBRARIES = YES;
				CLANG_ENABLE_MODULES = YES;
				CODE_SIGN_STYLE = Automatic;
				CURRENT_PROJECT_VERSION = 1;
				DEVELOPMENT_TEAM = G4SSSTZ8BN;
				GENERATE_INFOPLIST_FILE = YES;
				IPHONEOS_DEPLOYMENT_TARGET = 16.1;
				LD_RUNPATH_SEARCH_PATHS = (
					"$(inherited)",
					"@executable_path/Frameworks",
					"@loader_path/Frameworks",
				);
				MARKETING_VERSION = 1.0;
				PRODUCT_BUNDLE_IDENTIFIER = com.kasprzykmichal.EssentialFeediOSTests;
				PRODUCT_NAME = "$(TARGET_NAME)";
				SDKROOT = iphoneos;
				SUPPORTED_PLATFORMS = "iphoneos iphonesimulator";
				SUPPORTS_MACCATALYST = NO;
				SUPPORTS_MAC_DESIGNED_FOR_IPHONE_IPAD = NO;
				SWIFT_EMIT_LOC_STRINGS = NO;
				SWIFT_VERSION = 5.0;
				TARGETED_DEVICE_FAMILY = "1,2";
				VALIDATE_PRODUCT = YES;
			};
			name = Release;
		};
		2077FE6429395E26007FABBF /* Debug */ = {
			isa = XCBuildConfiguration;
			buildSettings = {
				ALWAYS_SEARCH_USER_PATHS = NO;
				CLANG_ANALYZER_LOCALIZABILITY_NONLOCALIZED = YES;
				CLANG_ANALYZER_NONNULL = YES;
				CLANG_ANALYZER_NUMBER_OBJECT_CONVERSION = YES_AGGRESSIVE;
				CLANG_CXX_LANGUAGE_STANDARD = "gnu++20";
				CLANG_ENABLE_MODULES = YES;
				CLANG_ENABLE_OBJC_ARC = YES;
				CLANG_ENABLE_OBJC_WEAK = YES;
				CLANG_WARN_BLOCK_CAPTURE_AUTORELEASING = YES;
				CLANG_WARN_BOOL_CONVERSION = YES;
				CLANG_WARN_COMMA = YES;
				CLANG_WARN_CONSTANT_CONVERSION = YES;
				CLANG_WARN_DEPRECATED_OBJC_IMPLEMENTATIONS = YES;
				CLANG_WARN_DIRECT_OBJC_ISA_USAGE = YES_ERROR;
				CLANG_WARN_DOCUMENTATION_COMMENTS = YES;
				CLANG_WARN_EMPTY_BODY = YES;
				CLANG_WARN_ENUM_CONVERSION = YES;
				CLANG_WARN_INFINITE_RECURSION = YES;
				CLANG_WARN_INT_CONVERSION = YES;
				CLANG_WARN_NON_LITERAL_NULL_CONVERSION = YES;
				CLANG_WARN_OBJC_IMPLICIT_RETAIN_SELF = YES;
				CLANG_WARN_OBJC_LITERAL_CONVERSION = YES;
				CLANG_WARN_OBJC_ROOT_CLASS = YES_ERROR;
				CLANG_WARN_QUOTED_INCLUDE_IN_FRAMEWORK_HEADER = YES;
				CLANG_WARN_RANGE_LOOP_ANALYSIS = YES;
				CLANG_WARN_STRICT_PROTOTYPES = YES;
				CLANG_WARN_SUSPICIOUS_MOVE = YES;
				CLANG_WARN_UNGUARDED_AVAILABILITY = YES_AGGRESSIVE;
				CLANG_WARN_UNREACHABLE_CODE = YES;
				CLANG_WARN__DUPLICATE_METHOD_MATCH = YES;
				COPY_PHASE_STRIP = NO;
				CURRENT_PROJECT_VERSION = 1;
				DEBUG_INFORMATION_FORMAT = dwarf;
				ENABLE_STRICT_OBJC_MSGSEND = YES;
				ENABLE_TESTABILITY = YES;
				GCC_C_LANGUAGE_STANDARD = gnu11;
				GCC_DYNAMIC_NO_PIC = NO;
				GCC_NO_COMMON_BLOCKS = YES;
				GCC_OPTIMIZATION_LEVEL = 0;
				GCC_PREPROCESSOR_DEFINITIONS = (
					"DEBUG=1",
					"$(inherited)",
				);
				GCC_WARN_64_TO_32_BIT_CONVERSION = YES;
				GCC_WARN_ABOUT_RETURN_TYPE = YES_ERROR;
				GCC_WARN_UNDECLARED_SELECTOR = YES;
				GCC_WARN_UNINITIALIZED_AUTOS = YES_AGGRESSIVE;
				GCC_WARN_UNUSED_FUNCTION = YES;
				GCC_WARN_UNUSED_VARIABLE = YES;
				MACOSX_DEPLOYMENT_TARGET = 13.0;
				MTL_ENABLE_DEBUG_INFO = INCLUDE_SOURCE;
				MTL_FAST_MATH = YES;
				ONLY_ACTIVE_ARCH = YES;
				SDKROOT = macosx;
				SWIFT_ACTIVE_COMPILATION_CONDITIONS = DEBUG;
				SWIFT_OPTIMIZATION_LEVEL = "-Onone";
				VERSIONING_SYSTEM = "apple-generic";
				VERSION_INFO_PREFIX = "";
			};
			name = Debug;
		};
		2077FE6529395E26007FABBF /* Release */ = {
			isa = XCBuildConfiguration;
			buildSettings = {
				ALWAYS_SEARCH_USER_PATHS = NO;
				CLANG_ANALYZER_LOCALIZABILITY_NONLOCALIZED = YES;
				CLANG_ANALYZER_NONNULL = YES;
				CLANG_ANALYZER_NUMBER_OBJECT_CONVERSION = YES_AGGRESSIVE;
				CLANG_CXX_LANGUAGE_STANDARD = "gnu++20";
				CLANG_ENABLE_MODULES = YES;
				CLANG_ENABLE_OBJC_ARC = YES;
				CLANG_ENABLE_OBJC_WEAK = YES;
				CLANG_WARN_BLOCK_CAPTURE_AUTORELEASING = YES;
				CLANG_WARN_BOOL_CONVERSION = YES;
				CLANG_WARN_COMMA = YES;
				CLANG_WARN_CONSTANT_CONVERSION = YES;
				CLANG_WARN_DEPRECATED_OBJC_IMPLEMENTATIONS = YES;
				CLANG_WARN_DIRECT_OBJC_ISA_USAGE = YES_ERROR;
				CLANG_WARN_DOCUMENTATION_COMMENTS = YES;
				CLANG_WARN_EMPTY_BODY = YES;
				CLANG_WARN_ENUM_CONVERSION = YES;
				CLANG_WARN_INFINITE_RECURSION = YES;
				CLANG_WARN_INT_CONVERSION = YES;
				CLANG_WARN_NON_LITERAL_NULL_CONVERSION = YES;
				CLANG_WARN_OBJC_IMPLICIT_RETAIN_SELF = YES;
				CLANG_WARN_OBJC_LITERAL_CONVERSION = YES;
				CLANG_WARN_OBJC_ROOT_CLASS = YES_ERROR;
				CLANG_WARN_QUOTED_INCLUDE_IN_FRAMEWORK_HEADER = YES;
				CLANG_WARN_RANGE_LOOP_ANALYSIS = YES;
				CLANG_WARN_STRICT_PROTOTYPES = YES;
				CLANG_WARN_SUSPICIOUS_MOVE = YES;
				CLANG_WARN_UNGUARDED_AVAILABILITY = YES_AGGRESSIVE;
				CLANG_WARN_UNREACHABLE_CODE = YES;
				CLANG_WARN__DUPLICATE_METHOD_MATCH = YES;
				COPY_PHASE_STRIP = NO;
				CURRENT_PROJECT_VERSION = 1;
				DEBUG_INFORMATION_FORMAT = "dwarf-with-dsym";
				ENABLE_NS_ASSERTIONS = NO;
				ENABLE_STRICT_OBJC_MSGSEND = YES;
				GCC_C_LANGUAGE_STANDARD = gnu11;
				GCC_NO_COMMON_BLOCKS = YES;
				GCC_WARN_64_TO_32_BIT_CONVERSION = YES;
				GCC_WARN_ABOUT_RETURN_TYPE = YES_ERROR;
				GCC_WARN_UNDECLARED_SELECTOR = YES;
				GCC_WARN_UNINITIALIZED_AUTOS = YES_AGGRESSIVE;
				GCC_WARN_UNUSED_FUNCTION = YES;
				GCC_WARN_UNUSED_VARIABLE = YES;
				MACOSX_DEPLOYMENT_TARGET = 13.0;
				MTL_ENABLE_DEBUG_INFO = NO;
				MTL_FAST_MATH = YES;
				SDKROOT = macosx;
				SWIFT_COMPILATION_MODE = wholemodule;
				SWIFT_OPTIMIZATION_LEVEL = "-O";
				VERSIONING_SYSTEM = "apple-generic";
				VERSION_INFO_PREFIX = "";
			};
			name = Release;
		};
		2077FE6729395E26007FABBF /* Debug */ = {
			isa = XCBuildConfiguration;
			buildSettings = {
				CODE_SIGN_STYLE = Automatic;
				COMBINE_HIDPI_IMAGES = YES;
				CURRENT_PROJECT_VERSION = 1;
				DEFINES_MODULE = YES;
				DEVELOPMENT_TEAM = G4SSSTZ8BN;
				DYLIB_COMPATIBILITY_VERSION = 1;
				DYLIB_CURRENT_VERSION = 1;
				DYLIB_INSTALL_NAME_BASE = "@rpath";
				GENERATE_INFOPLIST_FILE = YES;
				INFOPLIST_KEY_NSHumanReadableCopyright = "";
				INSTALL_PATH = "$(LOCAL_LIBRARY_DIR)/Frameworks";
				LD_RUNPATH_SEARCH_PATHS = (
					"$(inherited)",
					"@executable_path/../Frameworks",
					"@loader_path/Frameworks",
				);
				MARKETING_VERSION = 1.0;
				PRODUCT_BUNDLE_IDENTIFIER = com.kasprzykmichal.EssentialFeed;
				PRODUCT_NAME = "$(TARGET_NAME:c99extidentifier)";
				SKIP_INSTALL = YES;
				SUPPORTED_PLATFORMS = "macosx iphonesimulator iphoneos";
				SWIFT_EMIT_LOC_STRINGS = YES;
				SWIFT_VERSION = 5.0;
			};
			name = Debug;
		};
		2077FE6829395E26007FABBF /* Release */ = {
			isa = XCBuildConfiguration;
			buildSettings = {
				CODE_SIGN_STYLE = Automatic;
				COMBINE_HIDPI_IMAGES = YES;
				CURRENT_PROJECT_VERSION = 1;
				DEFINES_MODULE = YES;
				DEVELOPMENT_TEAM = G4SSSTZ8BN;
				DYLIB_COMPATIBILITY_VERSION = 1;
				DYLIB_CURRENT_VERSION = 1;
				DYLIB_INSTALL_NAME_BASE = "@rpath";
				GENERATE_INFOPLIST_FILE = YES;
				INFOPLIST_KEY_NSHumanReadableCopyright = "";
				INSTALL_PATH = "$(LOCAL_LIBRARY_DIR)/Frameworks";
				LD_RUNPATH_SEARCH_PATHS = (
					"$(inherited)",
					"@executable_path/../Frameworks",
					"@loader_path/Frameworks",
				);
				MARKETING_VERSION = 1.0;
				PRODUCT_BUNDLE_IDENTIFIER = com.kasprzykmichal.EssentialFeed;
				PRODUCT_NAME = "$(TARGET_NAME:c99extidentifier)";
				SKIP_INSTALL = YES;
				SUPPORTED_PLATFORMS = "macosx iphonesimulator iphoneos";
				SWIFT_EMIT_LOC_STRINGS = YES;
				SWIFT_VERSION = 5.0;
			};
			name = Release;
		};
		2077FE7A29396154007FABBF /* Debug */ = {
			isa = XCBuildConfiguration;
			buildSettings = {
				CODE_SIGN_STYLE = Automatic;
				CURRENT_PROJECT_VERSION = 1;
				DEVELOPMENT_TEAM = G4SSSTZ8BN;
				GENERATE_INFOPLIST_FILE = YES;
				MARKETING_VERSION = 1.0;
				PRODUCT_BUNDLE_IDENTIFIER = com.kasprzykmichal.EssentialFeedTests;
				PRODUCT_NAME = "$(TARGET_NAME)";
				SUPPORTED_PLATFORMS = "macosx iphoneos iphonesimulator";
				SWIFT_EMIT_LOC_STRINGS = NO;
				SWIFT_VERSION = 5.0;
			};
			name = Debug;
		};
		2077FE7B29396154007FABBF /* Release */ = {
			isa = XCBuildConfiguration;
			buildSettings = {
				CODE_SIGN_STYLE = Automatic;
				CURRENT_PROJECT_VERSION = 1;
				DEVELOPMENT_TEAM = G4SSSTZ8BN;
				GENERATE_INFOPLIST_FILE = YES;
				MARKETING_VERSION = 1.0;
				PRODUCT_BUNDLE_IDENTIFIER = com.kasprzykmichal.EssentialFeedTests;
				PRODUCT_NAME = "$(TARGET_NAME)";
				SUPPORTED_PLATFORMS = "macosx iphoneos iphonesimulator";
				SWIFT_EMIT_LOC_STRINGS = NO;
				SWIFT_VERSION = 5.0;
			};
			name = Release;
		};
		20E93AA9293CCA0D00D64087 /* Debug */ = {
			isa = XCBuildConfiguration;
			buildSettings = {
				CODE_SIGN_STYLE = Automatic;
				CURRENT_PROJECT_VERSION = 1;
				DEVELOPMENT_TEAM = G4SSSTZ8BN;
				GENERATE_INFOPLIST_FILE = YES;
				MARKETING_VERSION = 1.0;
				PRODUCT_BUNDLE_IDENTIFIER = com.kasprzykmichal.EssentialFeedAPIEndToEndTests;
				PRODUCT_NAME = "$(TARGET_NAME)";
				SUPPORTED_PLATFORMS = "macosx iphonesimulator iphoneos";
				SWIFT_EMIT_LOC_STRINGS = NO;
				SWIFT_VERSION = 5.0;
			};
			name = Debug;
		};
		20E93AAA293CCA0D00D64087 /* Release */ = {
			isa = XCBuildConfiguration;
			buildSettings = {
				CODE_SIGN_STYLE = Automatic;
				CURRENT_PROJECT_VERSION = 1;
				DEVELOPMENT_TEAM = G4SSSTZ8BN;
				GENERATE_INFOPLIST_FILE = YES;
				MARKETING_VERSION = 1.0;
				PRODUCT_BUNDLE_IDENTIFIER = com.kasprzykmichal.EssentialFeedAPIEndToEndTests;
				PRODUCT_NAME = "$(TARGET_NAME)";
				SUPPORTED_PLATFORMS = "macosx iphonesimulator iphoneos";
				SWIFT_EMIT_LOC_STRINGS = NO;
				SWIFT_VERSION = 5.0;
			};
			name = Release;
		};
/* End XCBuildConfiguration section */

/* Begin XCConfigurationList section */
		205A972A294F7CA300BAB3D2 /* Build configuration list for PBXNativeTarget "EssentialFeedCacheIntegrationTests" */ = {
			isa = XCConfigurationList;
			buildConfigurations = (
				205A9728294F7CA300BAB3D2 /* Debug */,
				205A9729294F7CA300BAB3D2 /* Release */,
			);
			defaultConfigurationIsVisible = 0;
			defaultConfigurationName = Release;
		};
		206CA9BB2953B399009946D9 /* Build configuration list for PBXNativeTarget "EssentialFeediOS" */ = {
			isa = XCConfigurationList;
			buildConfigurations = (
				206CA9BC2953B399009946D9 /* Debug */,
				206CA9BD2953B399009946D9 /* Release */,
			);
			defaultConfigurationIsVisible = 0;
			defaultConfigurationName = Release;
		};
		206CA9BE2953B399009946D9 /* Build configuration list for PBXNativeTarget "EssentialFeediOSTests" */ = {
			isa = XCConfigurationList;
			buildConfigurations = (
				206CA9BF2953B399009946D9 /* Debug */,
				206CA9C02953B399009946D9 /* Release */,
			);
			defaultConfigurationIsVisible = 0;
			defaultConfigurationName = Release;
		};
		2077FE5729395E26007FABBF /* Build configuration list for PBXProject "EssentialFeed" */ = {
			isa = XCConfigurationList;
			buildConfigurations = (
				2077FE6429395E26007FABBF /* Debug */,
				2077FE6529395E26007FABBF /* Release */,
			);
			defaultConfigurationIsVisible = 0;
			defaultConfigurationName = Release;
		};
		2077FE6629395E26007FABBF /* Build configuration list for PBXNativeTarget "EssentialFeed" */ = {
			isa = XCConfigurationList;
			buildConfigurations = (
				2077FE6729395E26007FABBF /* Debug */,
				2077FE6829395E26007FABBF /* Release */,
			);
			defaultConfigurationIsVisible = 0;
			defaultConfigurationName = Release;
		};
		2077FE7929396154007FABBF /* Build configuration list for PBXNativeTarget "EssentialFeedTests" */ = {
			isa = XCConfigurationList;
			buildConfigurations = (
				2077FE7A29396154007FABBF /* Debug */,
				2077FE7B29396154007FABBF /* Release */,
			);
			defaultConfigurationIsVisible = 0;
			defaultConfigurationName = Release;
		};
		20E93AA8293CCA0D00D64087 /* Build configuration list for PBXNativeTarget "EssentialFeedAPIEndToEndTests" */ = {
			isa = XCConfigurationList;
			buildConfigurations = (
				20E93AA9293CCA0D00D64087 /* Debug */,
				20E93AAA293CCA0D00D64087 /* Release */,
			);
			defaultConfigurationIsVisible = 0;
			defaultConfigurationName = Release;
		};
/* End XCConfigurationList section */

/* Begin XCVersionGroup section */
		205A9712294F617400BAB3D2 /* FeedStore.xcdatamodeld */ = {
			isa = XCVersionGroup;
			children = (
				205A9713294F617400BAB3D2 /* FeedStore.xcdatamodel */,
			);
			currentVersion = 205A9713294F617400BAB3D2 /* FeedStore.xcdatamodel */;
			path = FeedStore.xcdatamodeld;
			sourceTree = "<group>";
			versionGroupType = wrapper.xcdatamodel;
		};
/* End XCVersionGroup section */
	};
	rootObject = 2077FE5429395E26007FABBF /* Project object */;
}
