// !$*UTF8*$!
{
	archiveVersion = 1;
	classes = {
	};
	objectVersion = 56;
	objects = {

/* Begin PBXBuildFile section */
		201C6844295F01CA00A80643 /* SceneDelegateTests.swift in Sources */ = {isa = PBXBuildFile; fileRef = 201C6843295F01CA00A80643 /* SceneDelegateTests.swift */; };
		201C684B295F04A600A80643 /* FeedUIComposer.swift in Sources */ = {isa = PBXBuildFile; fileRef = 201C6849295F04A600A80643 /* FeedUIComposer.swift */; };
		201C684E295F04D500A80643 /* FeedUIIntegrationTests+Localization.swift in Sources */ = {isa = PBXBuildFile; fileRef = 201C684D295F04D500A80643 /* FeedUIIntegrationTests+Localization.swift */; };
		201C6850295F04D900A80643 /* FeedUIIntegrationTests.swift in Sources */ = {isa = PBXBuildFile; fileRef = 201C684F295F04D900A80643 /* FeedUIIntegrationTests.swift */; };
		201C6852295F06EB00A80643 /* FeedAcceptanceTests.swift in Sources */ = {isa = PBXBuildFile; fileRef = 201C6851295F06EB00A80643 /* FeedAcceptanceTests.swift */; };
		201C688A29602CC900A80643 /* EssentialFeedAPI.framework in Frameworks */ = {isa = PBXBuildFile; fileRef = 201C688929602CC900A80643 /* EssentialFeedAPI.framework */; };
		201C688B29602CC900A80643 /* EssentialFeedAPI.framework in Embed Frameworks */ = {isa = PBXBuildFile; fileRef = 201C688929602CC900A80643 /* EssentialFeedAPI.framework */; settings = {ATTRIBUTES = (CodeSignOnCopy, RemoveHeadersOnCopy, ); }; };
		201C68B22960AB3C00A80643 /* WeakRefVirtualProxy.swift in Sources */ = {isa = PBXBuildFile; fileRef = 201C68B12960AB3C00A80643 /* WeakRefVirtualProxy.swift */; };
		201C68B42960AB5600A80643 /* FeedViewAdapter.swift in Sources */ = {isa = PBXBuildFile; fileRef = 201C68B32960AB5600A80643 /* FeedViewAdapter.swift */; };
		201C68B62960AB6900A80643 /* LoadResourcePresentationAdapter.swift in Sources */ = {isa = PBXBuildFile; fileRef = 201C68B52960AB6900A80643 /* LoadResourcePresentationAdapter.swift */; };
		201C68BA2960B3E300A80643 /* CombineHelpers.swift in Sources */ = {isa = PBXBuildFile; fileRef = 201C68B92960B3E300A80643 /* CombineHelpers.swift */; };
		203BDE61295CEC6E00C3D650 /* XCTestCase+MemoryLeakTrackingHelper.swift in Sources */ = {isa = PBXBuildFile; fileRef = 203BDE60295CEC6E00C3D650 /* XCTestCase+MemoryLeakTrackingHelper.swift */; };
		203BDE66295CF8B800C3D650 /* SharedTestHelpers.swift in Sources */ = {isa = PBXBuildFile; fileRef = 203BDE65295CF8B800C3D650 /* SharedTestHelpers.swift */; };
		203BDE6A295D8FB300C3D650 /* FeedLoaderStub.swift in Sources */ = {isa = PBXBuildFile; fileRef = 203BDE69295D8FB300C3D650 /* FeedLoaderStub.swift */; };
		20626DCA2991240800ADBC23 /* CommentsAcceptanceTests.swift in Sources */ = {isa = PBXBuildFile; fileRef = 20626DC92991240800ADBC23 /* CommentsAcceptanceTests.swift */; };
		20A4BAB1295B3C9300778F3A /* AppDelegate.swift in Sources */ = {isa = PBXBuildFile; fileRef = 20A4BAB0295B3C9300778F3A /* AppDelegate.swift */; };
		20A4BAB3295B3C9300778F3A /* SceneDelegate.swift in Sources */ = {isa = PBXBuildFile; fileRef = 20A4BAB2295B3C9300778F3A /* SceneDelegate.swift */; };
		20A4BABA295B3C9400778F3A /* Assets.xcassets in Resources */ = {isa = PBXBuildFile; fileRef = 20A4BAB9295B3C9400778F3A /* Assets.xcassets */; };
		20A4BABD295B3C9400778F3A /* LaunchScreen.storyboard in Resources */ = {isa = PBXBuildFile; fileRef = 20A4BABB295B3C9400778F3A /* LaunchScreen.storyboard */; };
		20A4BAC6295B3D8200778F3A /* EssentialFeed.framework in Frameworks */ = {isa = PBXBuildFile; fileRef = 20A4BAC5295B3D8200778F3A /* EssentialFeed.framework */; };
		20A4BAC7295B3D8200778F3A /* EssentialFeed.framework in Embed Frameworks */ = {isa = PBXBuildFile; fileRef = 20A4BAC5295B3D8200778F3A /* EssentialFeed.framework */; settings = {ATTRIBUTES = (CodeSignOnCopy, RemoveHeadersOnCopy, ); }; };
		20A4BACA295B3D8900778F3A /* EssentialFeediOS.framework in Frameworks */ = {isa = PBXBuildFile; fileRef = 20A4BAC9295B3D8900778F3A /* EssentialFeediOS.framework */; };
		20A4BACB295B3D8900778F3A /* EssentialFeediOS.framework in Embed Frameworks */ = {isa = PBXBuildFile; fileRef = 20A4BAC9295B3D8900778F3A /* EssentialFeediOS.framework */; settings = {ATTRIBUTES = (CodeSignOnCopy, RemoveHeadersOnCopy, ); }; };
		20D680E42990601E0034B295 /* CommentsUIComposer.swift in Sources */ = {isa = PBXBuildFile; fileRef = 20D680E32990601E0034B295 /* CommentsUIComposer.swift */; };
		20D680E6299061990034B295 /* CommentsUIIntegrationTests.swift in Sources */ = {isa = PBXBuildFile; fileRef = 20D680E5299061990034B295 /* CommentsUIIntegrationTests.swift */; };
		20D680E82990632A0034B295 /* LoaderSpy.swift in Sources */ = {isa = PBXBuildFile; fileRef = 20D680E72990632A0034B295 /* LoaderSpy.swift */; };
/* End PBXBuildFile section */

/* Begin PBXContainerItemProxy section */
		203BDE56295CDF7F00C3D650 /* PBXContainerItemProxy */ = {
			isa = PBXContainerItemProxy;
			containerPortal = 20A4BAA5295B3C9300778F3A /* Project object */;
			proxyType = 1;
			remoteGlobalIDString = 20A4BAAC295B3C9300778F3A;
			remoteInfo = EssentialApp;
		};
/* End PBXContainerItemProxy section */

/* Begin PBXCopyFilesBuildPhase section */
		20A4BAC8295B3D8200778F3A /* Embed Frameworks */ = {
			isa = PBXCopyFilesBuildPhase;
			buildActionMask = 2147483647;
			dstPath = "";
			dstSubfolderSpec = 10;
			files = (
				201C688B29602CC900A80643 /* EssentialFeedAPI.framework in Embed Frameworks */,
				20A4BAC7295B3D8200778F3A /* EssentialFeed.framework in Embed Frameworks */,
				20A4BACB295B3D8900778F3A /* EssentialFeediOS.framework in Embed Frameworks */,
			);
			name = "Embed Frameworks";
			runOnlyForDeploymentPostprocessing = 0;
		};
/* End PBXCopyFilesBuildPhase section */

/* Begin PBXFileReference section */
		201C6843295F01CA00A80643 /* SceneDelegateTests.swift */ = {isa = PBXFileReference; lastKnownFileType = sourcecode.swift; path = SceneDelegateTests.swift; sourceTree = "<group>"; };
		201C6849295F04A600A80643 /* FeedUIComposer.swift */ = {isa = PBXFileReference; lastKnownFileType = sourcecode.swift; path = FeedUIComposer.swift; sourceTree = "<group>"; };
		201C684D295F04D500A80643 /* FeedUIIntegrationTests+Localization.swift */ = {isa = PBXFileReference; lastKnownFileType = sourcecode.swift; path = "FeedUIIntegrationTests+Localization.swift"; sourceTree = "<group>"; };
		201C684F295F04D900A80643 /* FeedUIIntegrationTests.swift */ = {isa = PBXFileReference; lastKnownFileType = sourcecode.swift; path = FeedUIIntegrationTests.swift; sourceTree = "<group>"; };
		201C6851295F06EB00A80643 /* FeedAcceptanceTests.swift */ = {isa = PBXFileReference; lastKnownFileType = sourcecode.swift; path = FeedAcceptanceTests.swift; sourceTree = "<group>"; };
		201C688929602CC900A80643 /* EssentialFeedAPI.framework */ = {isa = PBXFileReference; explicitFileType = wrapper.framework; path = EssentialFeedAPI.framework; sourceTree = BUILT_PRODUCTS_DIR; };
		201C68B12960AB3C00A80643 /* WeakRefVirtualProxy.swift */ = {isa = PBXFileReference; lastKnownFileType = sourcecode.swift; path = WeakRefVirtualProxy.swift; sourceTree = "<group>"; };
		201C68B32960AB5600A80643 /* FeedViewAdapter.swift */ = {isa = PBXFileReference; lastKnownFileType = sourcecode.swift; path = FeedViewAdapter.swift; sourceTree = "<group>"; };
		201C68B52960AB6900A80643 /* LoadResourcePresentationAdapter.swift */ = {isa = PBXFileReference; lastKnownFileType = sourcecode.swift; path = LoadResourcePresentationAdapter.swift; sourceTree = "<group>"; };
		201C68B92960B3E300A80643 /* CombineHelpers.swift */ = {isa = PBXFileReference; lastKnownFileType = sourcecode.swift; path = CombineHelpers.swift; sourceTree = "<group>"; };
		203BDE52295CDF7F00C3D650 /* EssentialAppTests.xctest */ = {isa = PBXFileReference; explicitFileType = wrapper.cfbundle; includeInIndex = 0; path = EssentialAppTests.xctest; sourceTree = BUILT_PRODUCTS_DIR; };
		203BDE60295CEC6E00C3D650 /* XCTestCase+MemoryLeakTrackingHelper.swift */ = {isa = PBXFileReference; lastKnownFileType = sourcecode.swift; path = "XCTestCase+MemoryLeakTrackingHelper.swift"; sourceTree = "<group>"; };
		203BDE65295CF8B800C3D650 /* SharedTestHelpers.swift */ = {isa = PBXFileReference; lastKnownFileType = sourcecode.swift; path = SharedTestHelpers.swift; sourceTree = "<group>"; };
		203BDE69295D8FB300C3D650 /* FeedLoaderStub.swift */ = {isa = PBXFileReference; lastKnownFileType = sourcecode.swift; path = FeedLoaderStub.swift; sourceTree = "<group>"; };
		20626DC92991240800ADBC23 /* CommentsAcceptanceTests.swift */ = {isa = PBXFileReference; lastKnownFileType = sourcecode.swift; path = CommentsAcceptanceTests.swift; sourceTree = "<group>"; };
		20A4BAAD295B3C9300778F3A /* EssentialApp.app */ = {isa = PBXFileReference; explicitFileType = wrapper.application; includeInIndex = 0; path = EssentialApp.app; sourceTree = BUILT_PRODUCTS_DIR; };
		20A4BAB0295B3C9300778F3A /* AppDelegate.swift */ = {isa = PBXFileReference; lastKnownFileType = sourcecode.swift; path = AppDelegate.swift; sourceTree = "<group>"; };
		20A4BAB2295B3C9300778F3A /* SceneDelegate.swift */ = {isa = PBXFileReference; lastKnownFileType = sourcecode.swift; path = SceneDelegate.swift; sourceTree = "<group>"; };
		20A4BAB9295B3C9400778F3A /* Assets.xcassets */ = {isa = PBXFileReference; lastKnownFileType = folder.assetcatalog; path = Assets.xcassets; sourceTree = "<group>"; };
		20A4BABC295B3C9400778F3A /* Base */ = {isa = PBXFileReference; lastKnownFileType = file.storyboard; name = Base; path = Base.lproj/LaunchScreen.storyboard; sourceTree = "<group>"; };
		20A4BABE295B3C9400778F3A /* Info.plist */ = {isa = PBXFileReference; lastKnownFileType = text.plist.xml; path = Info.plist; sourceTree = "<group>"; };
		20A4BAC5295B3D8200778F3A /* EssentialFeed.framework */ = {isa = PBXFileReference; explicitFileType = wrapper.framework; path = EssentialFeed.framework; sourceTree = BUILT_PRODUCTS_DIR; };
		20A4BAC9295B3D8900778F3A /* EssentialFeediOS.framework */ = {isa = PBXFileReference; explicitFileType = wrapper.framework; path = EssentialFeediOS.framework; sourceTree = BUILT_PRODUCTS_DIR; };
		20D680E32990601E0034B295 /* CommentsUIComposer.swift */ = {isa = PBXFileReference; lastKnownFileType = sourcecode.swift; path = CommentsUIComposer.swift; sourceTree = "<group>"; };
		20D680E5299061990034B295 /* CommentsUIIntegrationTests.swift */ = {isa = PBXFileReference; lastKnownFileType = sourcecode.swift; path = CommentsUIIntegrationTests.swift; sourceTree = "<group>"; };
		20D680E72990632A0034B295 /* LoaderSpy.swift */ = {isa = PBXFileReference; lastKnownFileType = sourcecode.swift; path = LoaderSpy.swift; sourceTree = "<group>"; };
/* End PBXFileReference section */

/* Begin PBXFrameworksBuildPhase section */
		203BDE4F295CDF7F00C3D650 /* Frameworks */ = {
			isa = PBXFrameworksBuildPhase;
			buildActionMask = 2147483647;
			files = (
			);
			runOnlyForDeploymentPostprocessing = 0;
		};
		20A4BAAA295B3C9300778F3A /* Frameworks */ = {
			isa = PBXFrameworksBuildPhase;
			buildActionMask = 2147483647;
			files = (
				201C688A29602CC900A80643 /* EssentialFeedAPI.framework in Frameworks */,
				20A4BAC6295B3D8200778F3A /* EssentialFeed.framework in Frameworks */,
				20A4BACA295B3D8900778F3A /* EssentialFeediOS.framework in Frameworks */,
			);
			runOnlyForDeploymentPostprocessing = 0;
		};
/* End PBXFrameworksBuildPhase section */

/* Begin PBXGroup section */
		203BDE53295CDF7F00C3D650 /* EssentialAppTests */ = {
			isa = PBXGroup;
			children = (
				203BDE5F295CEC3800C3D650 /* Helpers */,
				201C684F295F04D900A80643 /* FeedUIIntegrationTests.swift */,
				201C6843295F01CA00A80643 /* SceneDelegateTests.swift */,
				201C6851295F06EB00A80643 /* FeedAcceptanceTests.swift */,
				20D680E5299061990034B295 /* CommentsUIIntegrationTests.swift */,
				20626DC92991240800ADBC23 /* CommentsAcceptanceTests.swift */,
			);
			path = EssentialAppTests;
			sourceTree = "<group>";
		};
		203BDE5F295CEC3800C3D650 /* Helpers */ = {
			isa = PBXGroup;
			children = (
				201C684D295F04D500A80643 /* FeedUIIntegrationTests+Localization.swift */,
				203BDE60295CEC6E00C3D650 /* XCTestCase+MemoryLeakTrackingHelper.swift */,
				203BDE65295CF8B800C3D650 /* SharedTestHelpers.swift */,
				203BDE69295D8FB300C3D650 /* FeedLoaderStub.swift */,
				20D680E72990632A0034B295 /* LoaderSpy.swift */,
			);
			path = Helpers;
			sourceTree = "<group>";
		};
		20A4BAA4295B3C9300778F3A = {
			isa = PBXGroup;
			children = (
				20A4BAAF295B3C9300778F3A /* EssentialApp */,
				203BDE53295CDF7F00C3D650 /* EssentialAppTests */,
				20A4BAAE295B3C9300778F3A /* Products */,
				20A4BAC4295B3D8200778F3A /* Frameworks */,
			);
			sourceTree = "<group>";
		};
		20A4BAAE295B3C9300778F3A /* Products */ = {
			isa = PBXGroup;
			children = (
				20A4BAAD295B3C9300778F3A /* EssentialApp.app */,
				203BDE52295CDF7F00C3D650 /* EssentialAppTests.xctest */,
			);
			name = Products;
			sourceTree = "<group>";
		};
		20A4BAAF295B3C9300778F3A /* EssentialApp */ = {
			isa = PBXGroup;
			children = (
				20A4BAB0295B3C9300778F3A /* AppDelegate.swift */,
				201C68B92960B3E300A80643 /* CombineHelpers.swift */,
				20A4BAB2295B3C9300778F3A /* SceneDelegate.swift */,
				20A4BAB9295B3C9400778F3A /* Assets.xcassets */,
				20A4BABB295B3C9400778F3A /* LaunchScreen.storyboard */,
				20A4BABE295B3C9400778F3A /* Info.plist */,
				201C6849295F04A600A80643 /* FeedUIComposer.swift */,
				20D680E32990601E0034B295 /* CommentsUIComposer.swift */,
				201C68B12960AB3C00A80643 /* WeakRefVirtualProxy.swift */,
				201C68B32960AB5600A80643 /* FeedViewAdapter.swift */,
				201C68B52960AB6900A80643 /* LoadResourcePresentationAdapter.swift */,
			);
			path = EssentialApp;
			sourceTree = "<group>";
		};
		20A4BAC4295B3D8200778F3A /* Frameworks */ = {
			isa = PBXGroup;
			children = (
				201C688929602CC900A80643 /* EssentialFeedAPI.framework */,
				20A4BAC9295B3D8900778F3A /* EssentialFeediOS.framework */,
				20A4BAC5295B3D8200778F3A /* EssentialFeed.framework */,
			);
			name = Frameworks;
			sourceTree = "<group>";
		};
/* End PBXGroup section */

/* Begin PBXNativeTarget section */
		203BDE51295CDF7F00C3D650 /* EssentialAppTests */ = {
			isa = PBXNativeTarget;
			buildConfigurationList = 203BDE5A295CDF7F00C3D650 /* Build configuration list for PBXNativeTarget "EssentialAppTests" */;
			buildPhases = (
				203BDE4E295CDF7F00C3D650 /* Sources */,
				203BDE4F295CDF7F00C3D650 /* Frameworks */,
				203BDE50295CDF7F00C3D650 /* Resources */,
			);
			buildRules = (
			);
			dependencies = (
				203BDE57295CDF7F00C3D650 /* PBXTargetDependency */,
			);
			name = EssentialAppTests;
			productName = EssentialAppTests;
			productReference = 203BDE52295CDF7F00C3D650 /* EssentialAppTests.xctest */;
			productType = "com.apple.product-type.bundle.unit-test";
		};
		20A4BAAC295B3C9300778F3A /* EssentialApp */ = {
			isa = PBXNativeTarget;
			buildConfigurationList = 20A4BAC1295B3C9400778F3A /* Build configuration list for PBXNativeTarget "EssentialApp" */;
			buildPhases = (
				20A4BAA9295B3C9300778F3A /* Sources */,
				20A4BAAA295B3C9300778F3A /* Frameworks */,
				20A4BAAB295B3C9300778F3A /* Resources */,
				20A4BAC8295B3D8200778F3A /* Embed Frameworks */,
			);
			buildRules = (
			);
			dependencies = (
			);
			name = EssentialApp;
			productName = EssentialApp;
			productReference = 20A4BAAD295B3C9300778F3A /* EssentialApp.app */;
			productType = "com.apple.product-type.application";
		};
/* End PBXNativeTarget section */

/* Begin PBXProject section */
		20A4BAA5295B3C9300778F3A /* Project object */ = {
			isa = PBXProject;
			attributes = {
				BuildIndependentTargetsInParallel = 1;
				LastSwiftUpdateCheck = 1410;
				LastUpgradeCheck = 1410;
				TargetAttributes = {
					203BDE51295CDF7F00C3D650 = {
						CreatedOnToolsVersion = 14.1;
						TestTargetID = 20A4BAAC295B3C9300778F3A;
					};
					20A4BAAC295B3C9300778F3A = {
						CreatedOnToolsVersion = 14.1;
					};
				};
			};
			buildConfigurationList = 20A4BAA8295B3C9300778F3A /* Build configuration list for PBXProject "EssentialApp" */;
			compatibilityVersion = "Xcode 14.0";
			developmentRegion = en;
			hasScannedForEncodings = 0;
			knownRegions = (
				en,
				Base,
			);
			mainGroup = 20A4BAA4295B3C9300778F3A;
			productRefGroup = 20A4BAAE295B3C9300778F3A /* Products */;
			projectDirPath = "";
			projectRoot = "";
			targets = (
				20A4BAAC295B3C9300778F3A /* EssentialApp */,
				203BDE51295CDF7F00C3D650 /* EssentialAppTests */,
			);
		};
/* End PBXProject section */

/* Begin PBXResourcesBuildPhase section */
		203BDE50295CDF7F00C3D650 /* Resources */ = {
			isa = PBXResourcesBuildPhase;
			buildActionMask = 2147483647;
			files = (
			);
			runOnlyForDeploymentPostprocessing = 0;
		};
		20A4BAAB295B3C9300778F3A /* Resources */ = {
			isa = PBXResourcesBuildPhase;
			buildActionMask = 2147483647;
			files = (
				20A4BABD295B3C9400778F3A /* LaunchScreen.storyboard in Resources */,
				20A4BABA295B3C9400778F3A /* Assets.xcassets in Resources */,
			);
			runOnlyForDeploymentPostprocessing = 0;
		};
/* End PBXResourcesBuildPhase section */

/* Begin PBXSourcesBuildPhase section */
		203BDE4E295CDF7F00C3D650 /* Sources */ = {
			isa = PBXSourcesBuildPhase;
			buildActionMask = 2147483647;
			files = (
				203BDE66295CF8B800C3D650 /* SharedTestHelpers.swift in Sources */,
				201C6852295F06EB00A80643 /* FeedAcceptanceTests.swift in Sources */,
				201C6844295F01CA00A80643 /* SceneDelegateTests.swift in Sources */,
				20D680E82990632A0034B295 /* LoaderSpy.swift in Sources */,
				20626DCA2991240800ADBC23 /* CommentsAcceptanceTests.swift in Sources */,
				201C684E295F04D500A80643 /* FeedUIIntegrationTests+Localization.swift in Sources */,
				20D680E6299061990034B295 /* CommentsUIIntegrationTests.swift in Sources */,
				203BDE61295CEC6E00C3D650 /* XCTestCase+MemoryLeakTrackingHelper.swift in Sources */,
				203BDE6A295D8FB300C3D650 /* FeedLoaderStub.swift in Sources */,
				201C6850295F04D900A80643 /* FeedUIIntegrationTests.swift in Sources */,
			);
			runOnlyForDeploymentPostprocessing = 0;
		};
		20A4BAA9295B3C9300778F3A /* Sources */ = {
			isa = PBXSourcesBuildPhase;
			buildActionMask = 2147483647;
			files = (
				201C68B62960AB6900A80643 /* LoadResourcePresentationAdapter.swift in Sources */,
				201C68BA2960B3E300A80643 /* CombineHelpers.swift in Sources */,
				201C684B295F04A600A80643 /* FeedUIComposer.swift in Sources */,
				20A4BAB1295B3C9300778F3A /* AppDelegate.swift in Sources */,
				201C68B42960AB5600A80643 /* FeedViewAdapter.swift in Sources */,
				201C68B22960AB3C00A80643 /* WeakRefVirtualProxy.swift in Sources */,
				20A4BAB3295B3C9300778F3A /* SceneDelegate.swift in Sources */,
				20D680E42990601E0034B295 /* CommentsUIComposer.swift in Sources */,
			);
			runOnlyForDeploymentPostprocessing = 0;
		};
/* End PBXSourcesBuildPhase section */

/* Begin PBXTargetDependency section */
		203BDE57295CDF7F00C3D650 /* PBXTargetDependency */ = {
			isa = PBXTargetDependency;
			target = 20A4BAAC295B3C9300778F3A /* EssentialApp */;
			targetProxy = 203BDE56295CDF7F00C3D650 /* PBXContainerItemProxy */;
		};
/* End PBXTargetDependency section */

/* Begin PBXVariantGroup section */
		20A4BABB295B3C9400778F3A /* LaunchScreen.storyboard */ = {
			isa = PBXVariantGroup;
			children = (
				20A4BABC295B3C9400778F3A /* Base */,
			);
			name = LaunchScreen.storyboard;
			sourceTree = "<group>";
		};
/* End PBXVariantGroup section */

/* Begin XCBuildConfiguration section */
		203BDE58295CDF7F00C3D650 /* Debug */ = {
			isa = XCBuildConfiguration;
			buildSettings = {
				BUNDLE_LOADER = "$(TEST_HOST)";
				CODE_SIGN_STYLE = Automatic;
				CURRENT_PROJECT_VERSION = 1;
				DEVELOPMENT_TEAM = G4SSSTZ8BN;
				GENERATE_INFOPLIST_FILE = YES;
				MARKETING_VERSION = 1.0;
				PRODUCT_BUNDLE_IDENTIFIER = com.kasprzykmichal.EssentialAppTests;
				PRODUCT_NAME = "$(TARGET_NAME)";
				SWIFT_EMIT_LOC_STRINGS = NO;
				SWIFT_VERSION = 5.0;
				TARGETED_DEVICE_FAMILY = "1,2";
				TEST_HOST = "$(BUILT_PRODUCTS_DIR)/EssentialApp.app/$(BUNDLE_EXECUTABLE_FOLDER_PATH)/EssentialApp";
			};
			name = Debug;
		};
		203BDE59295CDF7F00C3D650 /* Release */ = {
			isa = XCBuildConfiguration;
			buildSettings = {
				BUNDLE_LOADER = "$(TEST_HOST)";
				CODE_SIGN_STYLE = Automatic;
				CURRENT_PROJECT_VERSION = 1;
				DEVELOPMENT_TEAM = G4SSSTZ8BN;
				GENERATE_INFOPLIST_FILE = YES;
				MARKETING_VERSION = 1.0;
				PRODUCT_BUNDLE_IDENTIFIER = com.kasprzykmichal.EssentialAppTests;
				PRODUCT_NAME = "$(TARGET_NAME)";
				SWIFT_EMIT_LOC_STRINGS = NO;
				SWIFT_VERSION = 5.0;
				TARGETED_DEVICE_FAMILY = "1,2";
				TEST_HOST = "$(BUILT_PRODUCTS_DIR)/EssentialApp.app/$(BUNDLE_EXECUTABLE_FOLDER_PATH)/EssentialApp";
			};
			name = Release;
		};
		20A4BABF295B3C9400778F3A /* Debug */ = {
			isa = XCBuildConfiguration;
			buildSettings = {
				ALWAYS_SEARCH_USER_PATHS = NO;
				CLANG_ANALYZER_NONNULL = YES;
				CLANG_ANALYZER_NUMBER_OBJECT_CONVERSION = YES_AGGRESSIVE;
				CLANG_CXX_LANGUAGE_STANDARD = "gnu++20";
				CLANG_ENABLE_MODULES = YES;
				CLANG_ENABLE_OBJC_ARC = YES;
				CLANG_ENABLE_OBJC_WEAK = YES;
				CLANG_WARN_BLOCK_CAPTURE_AUTORELEASING = YES;
				CLANG_WARN_BOOL_CONVERSION = YES;
				CLANG_WARN_COMMA = YES;
				CLANG_WARN_CONSTANT_CONVERSION = YES;
				CLANG_WARN_DEPRECATED_OBJC_IMPLEMENTATIONS = YES;
				CLANG_WARN_DIRECT_OBJC_ISA_USAGE = YES_ERROR;
				CLANG_WARN_DOCUMENTATION_COMMENTS = YES;
				CLANG_WARN_EMPTY_BODY = YES;
				CLANG_WARN_ENUM_CONVERSION = YES;
				CLANG_WARN_INFINITE_RECURSION = YES;
				CLANG_WARN_INT_CONVERSION = YES;
				CLANG_WARN_NON_LITERAL_NULL_CONVERSION = YES;
				CLANG_WARN_OBJC_IMPLICIT_RETAIN_SELF = YES;
				CLANG_WARN_OBJC_LITERAL_CONVERSION = YES;
				CLANG_WARN_OBJC_ROOT_CLASS = YES_ERROR;
				CLANG_WARN_QUOTED_INCLUDE_IN_FRAMEWORK_HEADER = YES;
				CLANG_WARN_RANGE_LOOP_ANALYSIS = YES;
				CLANG_WARN_STRICT_PROTOTYPES = YES;
				CLANG_WARN_SUSPICIOUS_MOVE = YES;
				CLANG_WARN_UNGUARDED_AVAILABILITY = YES_AGGRESSIVE;
				CLANG_WARN_UNREACHABLE_CODE = YES;
				CLANG_WARN__DUPLICATE_METHOD_MATCH = YES;
				COPY_PHASE_STRIP = NO;
				DEBUG_INFORMATION_FORMAT = dwarf;
				ENABLE_STRICT_OBJC_MSGSEND = YES;
				ENABLE_TESTABILITY = YES;
				GCC_C_LANGUAGE_STANDARD = gnu11;
				GCC_DYNAMIC_NO_PIC = NO;
				GCC_NO_COMMON_BLOCKS = YES;
				GCC_OPTIMIZATION_LEVEL = 0;
				GCC_PREPROCESSOR_DEFINITIONS = (
					"DEBUG=1",
					"$(inherited)",
				);
				GCC_WARN_64_TO_32_BIT_CONVERSION = YES;
				GCC_WARN_ABOUT_RETURN_TYPE = YES_ERROR;
				GCC_WARN_UNDECLARED_SELECTOR = YES;
				GCC_WARN_UNINITIALIZED_AUTOS = YES_AGGRESSIVE;
				GCC_WARN_UNUSED_FUNCTION = YES;
				GCC_WARN_UNUSED_VARIABLE = YES;
				IPHONEOS_DEPLOYMENT_TARGET = 16.1;
				MTL_ENABLE_DEBUG_INFO = INCLUDE_SOURCE;
				MTL_FAST_MATH = YES;
				ONLY_ACTIVE_ARCH = YES;
				SDKROOT = iphoneos;
				SWIFT_ACTIVE_COMPILATION_CONDITIONS = DEBUG;
				SWIFT_OPTIMIZATION_LEVEL = "-Onone";
			};
			name = Debug;
		};
		20A4BAC0295B3C9400778F3A /* Release */ = {
			isa = XCBuildConfiguration;
			buildSettings = {
				ALWAYS_SEARCH_USER_PATHS = NO;
				CLANG_ANALYZER_NONNULL = YES;
				CLANG_ANALYZER_NUMBER_OBJECT_CONVERSION = YES_AGGRESSIVE;
				CLANG_CXX_LANGUAGE_STANDARD = "gnu++20";
				CLANG_ENABLE_MODULES = YES;
				CLANG_ENABLE_OBJC_ARC = YES;
				CLANG_ENABLE_OBJC_WEAK = YES;
				CLANG_WARN_BLOCK_CAPTURE_AUTORELEASING = YES;
				CLANG_WARN_BOOL_CONVERSION = YES;
				CLANG_WARN_COMMA = YES;
				CLANG_WARN_CONSTANT_CONVERSION = YES;
				CLANG_WARN_DEPRECATED_OBJC_IMPLEMENTATIONS = YES;
				CLANG_WARN_DIRECT_OBJC_ISA_USAGE = YES_ERROR;
				CLANG_WARN_DOCUMENTATION_COMMENTS = YES;
				CLANG_WARN_EMPTY_BODY = YES;
				CLANG_WARN_ENUM_CONVERSION = YES;
				CLANG_WARN_INFINITE_RECURSION = YES;
				CLANG_WARN_INT_CONVERSION = YES;
				CLANG_WARN_NON_LITERAL_NULL_CONVERSION = YES;
				CLANG_WARN_OBJC_IMPLICIT_RETAIN_SELF = YES;
				CLANG_WARN_OBJC_LITERAL_CONVERSION = YES;
				CLANG_WARN_OBJC_ROOT_CLASS = YES_ERROR;
				CLANG_WARN_QUOTED_INCLUDE_IN_FRAMEWORK_HEADER = YES;
				CLANG_WARN_RANGE_LOOP_ANALYSIS = YES;
				CLANG_WARN_STRICT_PROTOTYPES = YES;
				CLANG_WARN_SUSPICIOUS_MOVE = YES;
				CLANG_WARN_UNGUARDED_AVAILABILITY = YES_AGGRESSIVE;
				CLANG_WARN_UNREACHABLE_CODE = YES;
				CLANG_WARN__DUPLICATE_METHOD_MATCH = YES;
				COPY_PHASE_STRIP = NO;
				DEBUG_INFORMATION_FORMAT = "dwarf-with-dsym";
				ENABLE_NS_ASSERTIONS = NO;
				ENABLE_STRICT_OBJC_MSGSEND = YES;
				GCC_C_LANGUAGE_STANDARD = gnu11;
				GCC_NO_COMMON_BLOCKS = YES;
				GCC_WARN_64_TO_32_BIT_CONVERSION = YES;
				GCC_WARN_ABOUT_RETURN_TYPE = YES_ERROR;
				GCC_WARN_UNDECLARED_SELECTOR = YES;
				GCC_WARN_UNINITIALIZED_AUTOS = YES_AGGRESSIVE;
				GCC_WARN_UNUSED_FUNCTION = YES;
				GCC_WARN_UNUSED_VARIABLE = YES;
				IPHONEOS_DEPLOYMENT_TARGET = 16.1;
				MTL_ENABLE_DEBUG_INFO = NO;
				MTL_FAST_MATH = YES;
				SDKROOT = iphoneos;
				SWIFT_COMPILATION_MODE = wholemodule;
				SWIFT_OPTIMIZATION_LEVEL = "-O";
				VALIDATE_PRODUCT = YES;
			};
			name = Release;
		};
		20A4BAC2295B3C9400778F3A /* Debug */ = {
			isa = XCBuildConfiguration;
			buildSettings = {
				ASSETCATALOG_COMPILER_APPICON_NAME = AppIcon;
				ASSETCATALOG_COMPILER_GLOBAL_ACCENT_COLOR_NAME = AccentColor;
				CODE_SIGN_STYLE = Automatic;
				CURRENT_PROJECT_VERSION = 1;
				DEVELOPMENT_TEAM = G4SSSTZ8BN;
				GENERATE_INFOPLIST_FILE = YES;
				INFOPLIST_FILE = EssentialApp/Info.plist;
				INFOPLIST_KEY_UIApplicationSupportsIndirectInputEvents = YES;
				INFOPLIST_KEY_UILaunchStoryboardName = LaunchScreen.storyboard;
				INFOPLIST_KEY_UISupportedInterfaceOrientations_iPad = "UIInterfaceOrientationPortrait UIInterfaceOrientationPortraitUpsideDown UIInterfaceOrientationLandscapeLeft UIInterfaceOrientationLandscapeRight";
				INFOPLIST_KEY_UISupportedInterfaceOrientations_iPhone = "UIInterfaceOrientationPortrait UIInterfaceOrientationLandscapeLeft UIInterfaceOrientationLandscapeRight";
				LD_RUNPATH_SEARCH_PATHS = (
					"$(inherited)",
					"@executable_path/Frameworks",
				);
				MARKETING_VERSION = 1.0;
				PRODUCT_BUNDLE_IDENTIFIER = com.kasprzykmichal.EssentialApp;
				PRODUCT_NAME = "$(TARGET_NAME)";
				SWIFT_EMIT_LOC_STRINGS = YES;
				SWIFT_VERSION = 5.0;
				TARGETED_DEVICE_FAMILY = "1,2";
			};
			name = Debug;
		};
		20A4BAC3295B3C9400778F3A /* Release */ = {
			isa = XCBuildConfiguration;
			buildSettings = {
				ASSETCATALOG_COMPILER_APPICON_NAME = AppIcon;
				ASSETCATALOG_COMPILER_GLOBAL_ACCENT_COLOR_NAME = AccentColor;
				CODE_SIGN_STYLE = Automatic;
				CURRENT_PROJECT_VERSION = 1;
				DEVELOPMENT_TEAM = G4SSSTZ8BN;
				GENERATE_INFOPLIST_FILE = YES;
				INFOPLIST_FILE = EssentialApp/Info.plist;
				INFOPLIST_KEY_UIApplicationSupportsIndirectInputEvents = YES;
				INFOPLIST_KEY_UILaunchStoryboardName = LaunchScreen.storyboard;
				INFOPLIST_KEY_UISupportedInterfaceOrientations_iPad = "UIInterfaceOrientationPortrait UIInterfaceOrientationPortraitUpsideDown UIInterfaceOrientationLandscapeLeft UIInterfaceOrientationLandscapeRight";
				INFOPLIST_KEY_UISupportedInterfaceOrientations_iPhone = "UIInterfaceOrientationPortrait UIInterfaceOrientationLandscapeLeft UIInterfaceOrientationLandscapeRight";
				LD_RUNPATH_SEARCH_PATHS = (
					"$(inherited)",
					"@executable_path/Frameworks",
				);
				MARKETING_VERSION = 1.0;
				PRODUCT_BUNDLE_IDENTIFIER = com.kasprzykmichal.EssentialApp;
				PRODUCT_NAME = "$(TARGET_NAME)";
				SWIFT_EMIT_LOC_STRINGS = YES;
				SWIFT_VERSION = 5.0;
				TARGETED_DEVICE_FAMILY = "1,2";
			};
			name = Release;
		};
/* End XCBuildConfiguration section */

/* Begin XCConfigurationList section */
		203BDE5A295CDF7F00C3D650 /* Build configuration list for PBXNativeTarget "EssentialAppTests" */ = {
			isa = XCConfigurationList;
			buildConfigurations = (
				203BDE58295CDF7F00C3D650 /* Debug */,
				203BDE59295CDF7F00C3D650 /* Release */,
			);
			defaultConfigurationIsVisible = 0;
			defaultConfigurationName = Release;
		};
		20A4BAA8295B3C9300778F3A /* Build configuration list for PBXProject "EssentialApp" */ = {
			isa = XCConfigurationList;
			buildConfigurations = (
				20A4BABF295B3C9400778F3A /* Debug */,
				20A4BAC0295B3C9400778F3A /* Release */,
			);
			defaultConfigurationIsVisible = 0;
			defaultConfigurationName = Release;
		};
		20A4BAC1295B3C9400778F3A /* Build configuration list for PBXNativeTarget "EssentialApp" */ = {
			isa = XCConfigurationList;
			buildConfigurations = (
				20A4BAC2295B3C9400778F3A /* Debug */,
				20A4BAC3295B3C9400778F3A /* Release */,
			);
			defaultConfigurationIsVisible = 0;
			defaultConfigurationName = Release;
		};
/* End XCConfigurationList section */
	};
	rootObject = 20A4BAA5295B3C9300778F3A /* Project object */;
}
